// !$*UTF8*$!
{
	archiveVersion = 1;
	classes = {
	};
	objectVersion = 47;
	objects = {

/* Begin PBXBuildFile section */
		3707CE5B1C0F3FC000C85B1F /* DeviceInfo.m in Sources */ = {isa = PBXBuildFile; fileRef = 3707CE5A1C0F3FC000C85B1F /* DeviceInfo.m */; };
		37233EFA1C0E209A0042B21B /* SupportViewController.swift in Sources */ = {isa = PBXBuildFile; fileRef = 37233EF91C0E209A0042B21B /* SupportViewController.swift */; };
		37233EFC1C0E260C0042B21B /* support.html in Resources */ = {isa = PBXBuildFile; fileRef = 37233EFB1C0E260C0042B21B /* support.html */; };
		3793DFDA1C1F5E0B000D491B /* libz.tbd in Frameworks */ = {isa = PBXBuildFile; fileRef = 3793DFD91C1F5E0B000D491B /* libz.tbd */; };
		3793DFDB1C1F5E1F000D491B /* Pushwoosh.framework in Frameworks */ = {isa = PBXBuildFile; fileRef = 3793DFD71C1F591C000D491B /* Pushwoosh.framework */; };
		3793DFDD1C1F5E6D000D491B /* libstdc++.tbd in Frameworks */ = {isa = PBXBuildFile; fileRef = 3793DFDC1C1F5E6D000D491B /* libstdc++.tbd */; };
		37A8E94F1C244980002940A7 /* ShareViewController.swift in Sources */ = {isa = PBXBuildFile; fileRef = 37A8E94E1C244980002940A7 /* ShareViewController.swift */; };
		37A8E9511C244A45002940A7 /* share.html in Resources */ = {isa = PBXBuildFile; fileRef = 37A8E9501C244A45002940A7 /* share.html */; };
		A60D6C781A9F6205007C818D /* sexualhistory.pdf in Resources */ = {isa = PBXBuildFile; fileRef = A60D6C771A9F6205007C818D /* sexualhistory.pdf */; };
		A60DE3FD19C9DFA4007BBAA7 /* SexualHistoryViewController.swift in Sources */ = {isa = PBXBuildFile; fileRef = A60DE3FC19C9DFA4007BBAA7 /* SexualHistoryViewController.swift */; };
		A622D5751B27321700414533 /* ModalEulaViewController.swift in Sources */ = {isa = PBXBuildFile; fileRef = A622D5741B27321700414533 /* ModalEulaViewController.swift */; };
		A62FC6811993FC3B000CE5C5 /* Condition.swift in Sources */ = {isa = PBXBuildFile; fileRef = A62FC6801993FC3B000CE5C5 /* Condition.swift */; };
		A641345D19CA11FB0041C0E8 /* bootstrap.min.css in Resources */ = {isa = PBXBuildFile; fileRef = A641345C19CA11FB0041C0E8 /* bootstrap.min.css */; };
		A650DAF0198BFF4F00223E47 /* AppDelegate.swift in Sources */ = {isa = PBXBuildFile; fileRef = A650DAEF198BFF4F00223E47 /* AppDelegate.swift */; };
		A650DAF2198BFF4F00223E47 /* ConditionViewController.swift in Sources */ = {isa = PBXBuildFile; fileRef = A650DAF1198BFF4F00223E47 /* ConditionViewController.swift */; };
		A650DAF4198BFF4F00223E47 /* ConditionDetailViewController.swift in Sources */ = {isa = PBXBuildFile; fileRef = A650DAF3198BFF4F00223E47 /* ConditionDetailViewController.swift */; };
		A650DB05198BFF4F00223E47 /* StdTxGuideTests.swift in Sources */ = {isa = PBXBuildFile; fileRef = A650DB04198BFF4F00223E47 /* StdTxGuideTests.swift */; };
		A650DB0F198C0B6600223E47 /* ConditionContent.swift in Sources */ = {isa = PBXBuildFile; fileRef = A650DB0E198C0B6600223E47 /* ConditionContent.swift */; };
		A650DB11198C15BA00223E47 /* condition-content-map.txt in Resources */ = {isa = PBXBuildFile; fileRef = A650DB10198C15BA00223E47 /* condition-content-map.txt */; };
		A66101581B1E0B2200437934 /* c49-clv.html in Resources */ = {isa = PBXBuildFile; fileRef = A66101531B1E0B2200437934 /* c49-clv.html */; };
		A66101591B1E0B2200437934 /* c51-clv.html in Resources */ = {isa = PBXBuildFile; fileRef = A66101541B1E0B2200437934 /* c51-clv.html */; };
		A661015A1B1E0B2200437934 /* c54-r.html in Resources */ = {isa = PBXBuildFile; fileRef = A66101551B1E0B2200437934 /* c54-r.html */; };
		A661015B1B1E0B2200437934 /* c54-t.html in Resources */ = {isa = PBXBuildFile; fileRef = A66101561B1E0B2200437934 /* c54-t.html */; };
		A661015C1B1E0B2200437934 /* terms.css in Resources */ = {isa = PBXBuildFile; fileRef = A66101571B1E0B2200437934 /* terms.css */; };
		A66281A81B0F7E91007BF007 /* Main.storyboard in Resources */ = {isa = PBXBuildFile; fileRef = A650DAF5198BFF4F00223E47 /* Main.storyboard */; };
		A66335901B1511D0001B4D9C /* SiteCatalystService.swift in Sources */ = {isa = PBXBuildFile; fileRef = A663358F1B1511D0001B4D9C /* SiteCatalystService.swift */; };
		A66335C21B178CE1001B4D9C /* Remote.swift in Sources */ = {isa = PBXBuildFile; fileRef = A66335C11B178CE1001B4D9C /* Remote.swift */; };
		A67011CC1B05383D00308A15 /* Images.xcassets in Resources */ = {isa = PBXBuildFile; fileRef = A67011CB1B05383D00308A15 /* Images.xcassets */; };
		A68B57EB199BE8DF0030E194 /* c0-clv.html in Resources */ = {isa = PBXBuildFile; fileRef = A68B5786199BE8DF0030E194 /* c0-clv.html */; };
		A68B57EC199BE8DF0030E194 /* c1-r.html in Resources */ = {isa = PBXBuildFile; fileRef = A68B5787199BE8DF0030E194 /* c1-r.html */; };
		A68B57ED199BE8DF0030E194 /* c1-t.html in Resources */ = {isa = PBXBuildFile; fileRef = A68B5788199BE8DF0030E194 /* c1-t.html */; };
		A68B57EE199BE8DF0030E194 /* c10-r.html in Resources */ = {isa = PBXBuildFile; fileRef = A68B5789199BE8DF0030E194 /* c10-r.html */; };
		A68B57EF199BE8DF0030E194 /* c10-t.html in Resources */ = {isa = PBXBuildFile; fileRef = A68B578A199BE8DF0030E194 /* c10-t.html */; };
		A68B57F0199BE8DF0030E194 /* c11-r.html in Resources */ = {isa = PBXBuildFile; fileRef = A68B578B199BE8DF0030E194 /* c11-r.html */; };
		A68B57F1199BE8DF0030E194 /* c11-t.html in Resources */ = {isa = PBXBuildFile; fileRef = A68B578C199BE8DF0030E194 /* c11-t.html */; };
		A68B57F2199BE8DF0030E194 /* c12-r.html in Resources */ = {isa = PBXBuildFile; fileRef = A68B578D199BE8DF0030E194 /* c12-r.html */; };
		A68B57F3199BE8DF0030E194 /* c12-t.html in Resources */ = {isa = PBXBuildFile; fileRef = A68B578E199BE8DF0030E194 /* c12-t.html */; };
		A68B57F4199BE8DF0030E194 /* c13-r.html in Resources */ = {isa = PBXBuildFile; fileRef = A68B578F199BE8DF0030E194 /* c13-r.html */; };
		A68B57F5199BE8DF0030E194 /* c13-t.html in Resources */ = {isa = PBXBuildFile; fileRef = A68B5790199BE8DF0030E194 /* c13-t.html */; };
		A68B57F6199BE8DF0030E194 /* c14-clv.html in Resources */ = {isa = PBXBuildFile; fileRef = A68B5791199BE8DF0030E194 /* c14-clv.html */; };
		A68B57F7199BE8DF0030E194 /* c15-clv.html in Resources */ = {isa = PBXBuildFile; fileRef = A68B5792199BE8DF0030E194 /* c15-clv.html */; };
		A68B57F8199BE8DF0030E194 /* c16-r.html in Resources */ = {isa = PBXBuildFile; fileRef = A68B5793199BE8DF0030E194 /* c16-r.html */; };
		A68B57F9199BE8DF0030E194 /* c16-t.html in Resources */ = {isa = PBXBuildFile; fileRef = A68B5794199BE8DF0030E194 /* c16-t.html */; };
		A68B57FA199BE8DF0030E194 /* c17-r.html in Resources */ = {isa = PBXBuildFile; fileRef = A68B5795199BE8DF0030E194 /* c17-r.html */; };
		A68B57FB199BE8DF0030E194 /* c17-t.html in Resources */ = {isa = PBXBuildFile; fileRef = A68B5796199BE8DF0030E194 /* c17-t.html */; };
		A68B57FC199BE8DF0030E194 /* c18-r.html in Resources */ = {isa = PBXBuildFile; fileRef = A68B5797199BE8DF0030E194 /* c18-r.html */; };
		A68B57FD199BE8DF0030E194 /* c18-t.html in Resources */ = {isa = PBXBuildFile; fileRef = A68B5798199BE8DF0030E194 /* c18-t.html */; };
		A68B57FE199BE8DF0030E194 /* c19-r.html in Resources */ = {isa = PBXBuildFile; fileRef = A68B5799199BE8DF0030E194 /* c19-r.html */; };
		A68B57FF199BE8DF0030E194 /* c19-t.html in Resources */ = {isa = PBXBuildFile; fileRef = A68B579A199BE8DF0030E194 /* c19-t.html */; };
		A68B5800199BE8DF0030E194 /* c2-r.html in Resources */ = {isa = PBXBuildFile; fileRef = A68B579B199BE8DF0030E194 /* c2-r.html */; };
		A68B5801199BE8DF0030E194 /* c2-t.html in Resources */ = {isa = PBXBuildFile; fileRef = A68B579C199BE8DF0030E194 /* c2-t.html */; };
		A68B5802199BE8DF0030E194 /* c20-r.html in Resources */ = {isa = PBXBuildFile; fileRef = A68B579D199BE8DF0030E194 /* c20-r.html */; };
		A68B5803199BE8DF0030E194 /* c20-t.html in Resources */ = {isa = PBXBuildFile; fileRef = A68B579E199BE8DF0030E194 /* c20-t.html */; };
		A68B5804199BE8DF0030E194 /* c21-r.html in Resources */ = {isa = PBXBuildFile; fileRef = A68B579F199BE8DF0030E194 /* c21-r.html */; };
		A68B5805199BE8DF0030E194 /* c21-t.html in Resources */ = {isa = PBXBuildFile; fileRef = A68B57A0199BE8DF0030E194 /* c21-t.html */; };
		A68B5806199BE8DF0030E194 /* c22-r.html in Resources */ = {isa = PBXBuildFile; fileRef = A68B57A1199BE8DF0030E194 /* c22-r.html */; };
		A68B5807199BE8DF0030E194 /* c22-t.html in Resources */ = {isa = PBXBuildFile; fileRef = A68B57A2199BE8DF0030E194 /* c22-t.html */; };
		A68B5808199BE8DF0030E194 /* c23-r.html in Resources */ = {isa = PBXBuildFile; fileRef = A68B57A3199BE8DF0030E194 /* c23-r.html */; };
		A68B5809199BE8DF0030E194 /* c23-t.html in Resources */ = {isa = PBXBuildFile; fileRef = A68B57A4199BE8DF0030E194 /* c23-t.html */; };
		A68B580A199BE8DF0030E194 /* c24-r.html in Resources */ = {isa = PBXBuildFile; fileRef = A68B57A5199BE8DF0030E194 /* c24-r.html */; };
		A68B580B199BE8DF0030E194 /* c24-t.html in Resources */ = {isa = PBXBuildFile; fileRef = A68B57A6199BE8DF0030E194 /* c24-t.html */; };
		A68B580C199BE8DF0030E194 /* c25-clv.html in Resources */ = {isa = PBXBuildFile; fileRef = A68B57A7199BE8DF0030E194 /* c25-clv.html */; };
		A68B580D199BE8DF0030E194 /* c26-t.html in Resources */ = {isa = PBXBuildFile; fileRef = A68B57A8199BE8DF0030E194 /* c26-t.html */; };
		A68B580E199BE8DF0030E194 /* c27-t.html in Resources */ = {isa = PBXBuildFile; fileRef = A68B57A9199BE8DF0030E194 /* c27-t.html */; };
		A68B580F199BE8DF0030E194 /* c28-t.html in Resources */ = {isa = PBXBuildFile; fileRef = A68B57AA199BE8DF0030E194 /* c28-t.html */; };
		A68B5810199BE8DF0030E194 /* c29-clv.html in Resources */ = {isa = PBXBuildFile; fileRef = A68B57AB199BE8DF0030E194 /* c29-clv.html */; };
		A68B5811199BE8DF0030E194 /* c3-clv.html in Resources */ = {isa = PBXBuildFile; fileRef = A68B57AC199BE8DF0030E194 /* c3-clv.html */; };
		A68B5812199BE8DF0030E194 /* c30-r.html in Resources */ = {isa = PBXBuildFile; fileRef = A68B57AD199BE8DF0030E194 /* c30-r.html */; };
		A68B5813199BE8DF0030E194 /* c30-t.html in Resources */ = {isa = PBXBuildFile; fileRef = A68B57AE199BE8DF0030E194 /* c30-t.html */; };
		A68B5814199BE8DF0030E194 /* c31-r.html in Resources */ = {isa = PBXBuildFile; fileRef = A68B57AF199BE8DF0030E194 /* c31-r.html */; };
		A68B5815199BE8DF0030E194 /* c31-t.html in Resources */ = {isa = PBXBuildFile; fileRef = A68B57B0199BE8DF0030E194 /* c31-t.html */; };
		A68B5816199BE8DF0030E194 /* c32-r.html in Resources */ = {isa = PBXBuildFile; fileRef = A68B57B1199BE8DF0030E194 /* c32-r.html */; };
		A68B5817199BE8DF0030E194 /* c32-t.html in Resources */ = {isa = PBXBuildFile; fileRef = A68B57B2199BE8DF0030E194 /* c32-t.html */; };
		A68B5818199BE8DF0030E194 /* c33-t.html in Resources */ = {isa = PBXBuildFile; fileRef = A68B57B3199BE8DF0030E194 /* c33-t.html */; };
		A68B5819199BE8DF0030E194 /* c34-t.html in Resources */ = {isa = PBXBuildFile; fileRef = A68B57B4199BE8DF0030E194 /* c34-t.html */; };
		A68B581A199BE8DF0030E194 /* c35-t.html in Resources */ = {isa = PBXBuildFile; fileRef = A68B57B5199BE8DF0030E194 /* c35-t.html */; };
		A68B581B199BE8DF0030E194 /* c36-t.html in Resources */ = {isa = PBXBuildFile; fileRef = A68B57B6199BE8DF0030E194 /* c36-t.html */; };
		A68B581C199BE8DF0030E194 /* c37-r.html in Resources */ = {isa = PBXBuildFile; fileRef = A68B57B7199BE8DF0030E194 /* c37-r.html */; };
		A68B581D199BE8DF0030E194 /* c37-t.html in Resources */ = {isa = PBXBuildFile; fileRef = A68B57B8199BE8DF0030E194 /* c37-t.html */; };
		A68B581E199BE8DF0030E194 /* c38-r.html in Resources */ = {isa = PBXBuildFile; fileRef = A68B57B9199BE8DF0030E194 /* c38-r.html */; };
		A68B581F199BE8DF0030E194 /* c38-t.html in Resources */ = {isa = PBXBuildFile; fileRef = A68B57BA199BE8DF0030E194 /* c38-t.html */; };
		A68B5820199BE8DF0030E194 /* c39-r.html in Resources */ = {isa = PBXBuildFile; fileRef = A68B57BB199BE8DF0030E194 /* c39-r.html */; };
		A68B5821199BE8DF0030E194 /* c39-t.html in Resources */ = {isa = PBXBuildFile; fileRef = A68B57BC199BE8DF0030E194 /* c39-t.html */; };
		A68B5822199BE8DF0030E194 /* c4-r.html in Resources */ = {isa = PBXBuildFile; fileRef = A68B57BD199BE8DF0030E194 /* c4-r.html */; };
		A68B5823199BE8DF0030E194 /* c4-t.html in Resources */ = {isa = PBXBuildFile; fileRef = A68B57BE199BE8DF0030E194 /* c4-t.html */; };
		A68B5824199BE8DF0030E194 /* c40-r.html in Resources */ = {isa = PBXBuildFile; fileRef = A68B57BF199BE8DF0030E194 /* c40-r.html */; };
		A68B5825199BE8DF0030E194 /* c40-t.html in Resources */ = {isa = PBXBuildFile; fileRef = A68B57C0199BE8DF0030E194 /* c40-t.html */; };
		A68B5826199BE8DF0030E194 /* c41-clv.html in Resources */ = {isa = PBXBuildFile; fileRef = A68B57C1199BE8DF0030E194 /* c41-clv.html */; };
		A68B5827199BE8DF0030E194 /* c42-r.html in Resources */ = {isa = PBXBuildFile; fileRef = A68B57C2199BE8DF0030E194 /* c42-r.html */; };
		A68B5828199BE8DF0030E194 /* c42-t.html in Resources */ = {isa = PBXBuildFile; fileRef = A68B57C3199BE8DF0030E194 /* c42-t.html */; };
		A68B5829199BE8DF0030E194 /* c43-t.html in Resources */ = {isa = PBXBuildFile; fileRef = A68B57C4199BE8DF0030E194 /* c43-t.html */; };
		A68B582A199BE8DF0030E194 /* c44-clv.html in Resources */ = {isa = PBXBuildFile; fileRef = A68B57C5199BE8DF0030E194 /* c44-clv.html */; };
		A68B582B199BE8DF0030E194 /* c45-r.html in Resources */ = {isa = PBXBuildFile; fileRef = A68B57C6199BE8DF0030E194 /* c45-r.html */; };
		A68B582C199BE8DF0030E194 /* c45-t.html in Resources */ = {isa = PBXBuildFile; fileRef = A68B57C7199BE8DF0030E194 /* c45-t.html */; };
		A68B582D199BE8DF0030E194 /* c46-clv.html in Resources */ = {isa = PBXBuildFile; fileRef = A68B57C8199BE8DF0030E194 /* c46-clv.html */; };
		A68B582E199BE8DF0030E194 /* c47-r.html in Resources */ = {isa = PBXBuildFile; fileRef = A68B57C9199BE8DF0030E194 /* c47-r.html */; };
		A68B582F199BE8DF0030E194 /* c47-t.html in Resources */ = {isa = PBXBuildFile; fileRef = A68B57CA199BE8DF0030E194 /* c47-t.html */; };
		A68B5830199BE8DF0030E194 /* c48-r.html in Resources */ = {isa = PBXBuildFile; fileRef = A68B57CB199BE8DF0030E194 /* c48-r.html */; };
		A68B5831199BE8DF0030E194 /* c48-t.html in Resources */ = {isa = PBXBuildFile; fileRef = A68B57CC199BE8DF0030E194 /* c48-t.html */; };
		A68B5832199BE8DF0030E194 /* c49-r.html in Resources */ = {isa = PBXBuildFile; fileRef = A68B57CD199BE8DF0030E194 /* c49-r.html */; };
		A68B5833199BE8DF0030E194 /* c49-t.html in Resources */ = {isa = PBXBuildFile; fileRef = A68B57CE199BE8DF0030E194 /* c49-t.html */; };
		A68B5834199BE8DF0030E194 /* c5-t.html in Resources */ = {isa = PBXBuildFile; fileRef = A68B57CF199BE8DF0030E194 /* c5-t.html */; };
		A68B5835199BE8DF0030E194 /* c50-r.html in Resources */ = {isa = PBXBuildFile; fileRef = A68B57D0199BE8DF0030E194 /* c50-r.html */; };
		A68B5836199BE8DF0030E194 /* c50-t.html in Resources */ = {isa = PBXBuildFile; fileRef = A68B57D1199BE8DF0030E194 /* c50-t.html */; };
		A68B5837199BE8DF0030E194 /* c51-r.html in Resources */ = {isa = PBXBuildFile; fileRef = A68B57D2199BE8DF0030E194 /* c51-r.html */; };
		A68B5838199BE8DF0030E194 /* c51-t.html in Resources */ = {isa = PBXBuildFile; fileRef = A68B57D3199BE8DF0030E194 /* c51-t.html */; };
		A68B5839199BE8DF0030E194 /* c52-r.html in Resources */ = {isa = PBXBuildFile; fileRef = A68B57D4199BE8DF0030E194 /* c52-r.html */; };
		A68B583A199BE8DF0030E194 /* c52-t.html in Resources */ = {isa = PBXBuildFile; fileRef = A68B57D5199BE8DF0030E194 /* c52-t.html */; };
		A68B583B199BE8DF0030E194 /* c53-r.html in Resources */ = {isa = PBXBuildFile; fileRef = A68B57D6199BE8DF0030E194 /* c53-r.html */; };
		A68B583C199BE8DF0030E194 /* c53-t.html in Resources */ = {isa = PBXBuildFile; fileRef = A68B57D7199BE8DF0030E194 /* c53-t.html */; };
		A68B583D199BE8DF0030E194 /* c54-clv.html in Resources */ = {isa = PBXBuildFile; fileRef = A68B57D8199BE8DF0030E194 /* c54-clv.html */; };
		A68B583E199BE8DF0030E194 /* c55-r.html in Resources */ = {isa = PBXBuildFile; fileRef = A68B57D9199BE8DF0030E194 /* c55-r.html */; };
		A68B583F199BE8DF0030E194 /* c55-t.html in Resources */ = {isa = PBXBuildFile; fileRef = A68B57DA199BE8DF0030E194 /* c55-t.html */; };
		A68B5840199BE8DF0030E194 /* c56-r.html in Resources */ = {isa = PBXBuildFile; fileRef = A68B57DB199BE8DF0030E194 /* c56-r.html */; };
		A68B5841199BE8DF0030E194 /* c56-t.html in Resources */ = {isa = PBXBuildFile; fileRef = A68B57DC199BE8DF0030E194 /* c56-t.html */; };
		A68B5842199BE8DF0030E194 /* c57-r.html in Resources */ = {isa = PBXBuildFile; fileRef = A68B57DD199BE8DF0030E194 /* c57-r.html */; };
		A68B5843199BE8DF0030E194 /* c57-t.html in Resources */ = {isa = PBXBuildFile; fileRef = A68B57DE199BE8DF0030E194 /* c57-t.html */; };
		A68B5844199BE8DF0030E194 /* c6-r.html in Resources */ = {isa = PBXBuildFile; fileRef = A68B57DF199BE8DF0030E194 /* c6-r.html */; };
		A68B5845199BE8DF0030E194 /* c6-t.html in Resources */ = {isa = PBXBuildFile; fileRef = A68B57E0199BE8DF0030E194 /* c6-t.html */; };
		A68B5846199BE8DF0030E194 /* c7-r.html in Resources */ = {isa = PBXBuildFile; fileRef = A68B57E1199BE8DF0030E194 /* c7-r.html */; };
		A68B5847199BE8DF0030E194 /* c7-t.html in Resources */ = {isa = PBXBuildFile; fileRef = A68B57E2199BE8DF0030E194 /* c7-t.html */; };
		A68B5848199BE8DF0030E194 /* c8-clv.html in Resources */ = {isa = PBXBuildFile; fileRef = A68B57E3199BE8DF0030E194 /* c8-clv.html */; };
		A68B5849199BE8DF0030E194 /* c9-r.html in Resources */ = {isa = PBXBuildFile; fileRef = A68B57E4199BE8DF0030E194 /* c9-r.html */; };
		A68B584A199BE8DF0030E194 /* c9-t.html in Resources */ = {isa = PBXBuildFile; fileRef = A68B57E5199BE8DF0030E194 /* c9-t.html */; };
		A68B584C199BE8DF0030E194 /* custom_arrow.css in Resources */ = {isa = PBXBuildFile; fileRef = A68B57E7199BE8DF0030E194 /* custom_arrow.css */; };
		A68B584D199BE8DF0030E194 /* jquery.mobile.swatch.f.css in Resources */ = {isa = PBXBuildFile; fileRef = A68B57E8199BE8DF0030E194 /* jquery.mobile.swatch.f.css */; };
		A68B584E199BE8DF0030E194 /* recreated_tables.css in Resources */ = {isa = PBXBuildFile; fileRef = A68B57E9199BE8DF0030E194 /* recreated_tables.css */; };
		A68B584F199BE8DF0030E194 /* treatments.css in Resources */ = {isa = PBXBuildFile; fileRef = A68B57EA199BE8DF0030E194 /* treatments.css */; };
		A69DAEB61B0B61C30058F90E /* SubConditionViewController.swift in Sources */ = {isa = PBXBuildFile; fileRef = A69DAEB51B0B61C30058F90E /* SubConditionViewController.swift */; };
		A6A9D8421AF1159100CD2800 /* test-breadcrumbs.html in Resources */ = {isa = PBXBuildFile; fileRef = A6A9D8411AF1159100CD2800 /* test-breadcrumbs.html */; };
		A6AA155F1AA0E4E100EC5A56 /* FullGuidelinesViewController.swift in Sources */ = {isa = PBXBuildFile; fileRef = A6AA155E1AA0E4E100EC5A56 /* FullGuidelinesViewController.swift */; };
		A6AA15611AA0E56D00EC5A56 /* full.html in Resources */ = {isa = PBXBuildFile; fileRef = A6AA15601AA0E56D00EC5A56 /* full.html */; };
		A6BE154919F19A9B008330A1 /* c14-r.html in Resources */ = {isa = PBXBuildFile; fileRef = A6BE154719F19A9B008330A1 /* c14-r.html */; };
		A6BE154A19F19A9B008330A1 /* c14-t.html in Resources */ = {isa = PBXBuildFile; fileRef = A6BE154819F19A9B008330A1 /* c14-t.html */; };
		A6BE155B19F19AE2008330A1 /* c16-clv.html in Resources */ = {isa = PBXBuildFile; fileRef = A6BE154B19F19AE2008330A1 /* c16-clv.html */; };
		A6BE155C19F19AE2008330A1 /* c24-clv.html in Resources */ = {isa = PBXBuildFile; fileRef = A6BE154C19F19AE2008330A1 /* c24-clv.html */; };
		A6BE155D19F19AE2008330A1 /* c25-t.html in Resources */ = {isa = PBXBuildFile; fileRef = A6BE154D19F19AE2008330A1 /* c25-t.html */; };
		A6BE155E19F19AE2008330A1 /* c28-clv.html in Resources */ = {isa = PBXBuildFile; fileRef = A6BE154E19F19AE2008330A1 /* c28-clv.html */; };
		A6BE155F19F19AE2008330A1 /* c29-r.html in Resources */ = {isa = PBXBuildFile; fileRef = A6BE154F19F19AE2008330A1 /* c29-r.html */; };
		A6BE156019F19AE2008330A1 /* c29-t.html in Resources */ = {isa = PBXBuildFile; fileRef = A6BE155019F19AE2008330A1 /* c29-t.html */; };
		A6BE156119F19AE2008330A1 /* c36-r.html in Resources */ = {isa = PBXBuildFile; fileRef = A6BE155119F19AE2008330A1 /* c36-r.html */; };
		A6BE156219F19AE2008330A1 /* c40-clv.html in Resources */ = {isa = PBXBuildFile; fileRef = A6BE155219F19AE2008330A1 /* c40-clv.html */; };
		A6BE156319F19AE2008330A1 /* c41-r.html in Resources */ = {isa = PBXBuildFile; fileRef = A6BE155319F19AE2008330A1 /* c41-r.html */; };
		A6BE156419F19AE2008330A1 /* c41-t.html in Resources */ = {isa = PBXBuildFile; fileRef = A6BE155419F19AE2008330A1 /* c41-t.html */; };
		A6BE156519F19AE2008330A1 /* c43-clv.html in Resources */ = {isa = PBXBuildFile; fileRef = A6BE155519F19AE2008330A1 /* c43-clv.html */; };
		A6BE156619F19AE2008330A1 /* c44-r.html in Resources */ = {isa = PBXBuildFile; fileRef = A6BE155619F19AE2008330A1 /* c44-r.html */; };
		A6BE156719F19AE2008330A1 /* c44-t.html in Resources */ = {isa = PBXBuildFile; fileRef = A6BE155719F19AE2008330A1 /* c44-t.html */; };
		A6BE156819F19AE2008330A1 /* c46-r.html in Resources */ = {isa = PBXBuildFile; fileRef = A6BE155819F19AE2008330A1 /* c46-r.html */; };
		A6BE156919F19AE2008330A1 /* c46-t.html in Resources */ = {isa = PBXBuildFile; fileRef = A6BE155919F19AE2008330A1 /* c46-t.html */; };
		A6BE156A19F19AE2008330A1 /* c50-clv.html in Resources */ = {isa = PBXBuildFile; fileRef = A6BE155A19F19AE2008330A1 /* c50-clv.html */; };
		A6DC6EE41B21EDBD00A057A5 /* AppearanceHelper.swift in Sources */ = {isa = PBXBuildFile; fileRef = A6DC6EE31B21EDBD00A057A5 /* AppearanceHelper.swift */; };
		A6DF28B81B1F9C3F00F3BF9D /* Logging.swift in Sources */ = {isa = PBXBuildFile; fileRef = A6DF28B71B1F9C3F00F3BF9D /* Logging.swift */; };
		A6E3F4C11B0D013900982CAF /* ConditionsRootViewController.swift in Sources */ = {isa = PBXBuildFile; fileRef = A6E3F4C01B0D013900982CAF /* ConditionsRootViewController.swift */; };
		A6F7C7A8199CF7F200A77F2C /* TermsViewController.swift in Sources */ = {isa = PBXBuildFile; fileRef = A6F7C7A7199CF7F200A77F2C /* TermsViewController.swift */; };
		A6F7C7B0199D28B400A77F2C /* eula_icon_retina.png in Resources */ = {isa = PBXBuildFile; fileRef = A6F7C7A9199D28B400A77F2C /* eula_icon_retina.png */; };
		A6F7C7B1199D28B400A77F2C /* eula.css in Resources */ = {isa = PBXBuildFile; fileRef = A6F7C7AA199D28B400A77F2C /* eula.css */; };
		A6F7C7B2199D28B400A77F2C /* eula.html in Resources */ = {isa = PBXBuildFile; fileRef = A6F7C7AB199D28B400A77F2C /* eula.html */; };
		A6F7C7B3199D28B400A77F2C /* about_icon_page.png in Resources */ = {isa = PBXBuildFile; fileRef = A6F7C7AC199D28B400A77F2C /* about_icon_page.png */; };
		A6F7C7B4199D28B400A77F2C /* about_us.html in Resources */ = {isa = PBXBuildFile; fileRef = A6F7C7AD199D28B400A77F2C /* about_us.html */; };
		A6F7C7B5199D28B400A77F2C /* about.css in Resources */ = {isa = PBXBuildFile; fileRef = A6F7C7AE199D28B400A77F2C /* about.css */; };
		A6F7C7B6199D28B400A77F2C /* terms.html in Resources */ = {isa = PBXBuildFile; fileRef = A6F7C7AF199D28B400A77F2C /* terms.html */; };
		A6F7C7BA199D33D500A77F2C /* AboutUsViewController.swift in Sources */ = {isa = PBXBuildFile; fileRef = A6F7C7B9199D33D500A77F2C /* AboutUsViewController.swift */; };
		A6F7C7BC199D35AE00A77F2C /* EulaViewController.swift in Sources */ = {isa = PBXBuildFile; fileRef = A6F7C7BB199D35AE00A77F2C /* EulaViewController.swift */; };
/* End PBXBuildFile section */

/* Begin PBXContainerItemProxy section */
		A650DAFF198BFF4F00223E47 /* PBXContainerItemProxy */ = {
			isa = PBXContainerItemProxy;
			containerPortal = A650DAE2198BFF4F00223E47 /* Project object */;
			proxyType = 1;
			remoteGlobalIDString = A650DAE9198BFF4F00223E47;
			remoteInfo = StdTxGuide;
		};
/* End PBXContainerItemProxy section */

/* Begin PBXFileReference section */
		3707CE591C0F3FC000C85B1F /* StdTxGuide-Bridging-Header.h */ = {isa = PBXFileReference; lastKnownFileType = sourcecode.c.h; path = "StdTxGuide-Bridging-Header.h"; sourceTree = "<group>"; };
		3707CE5A1C0F3FC000C85B1F /* DeviceInfo.m */ = {isa = PBXFileReference; fileEncoding = 4; lastKnownFileType = sourcecode.c.objc; path = DeviceInfo.m; sourceTree = "<group>"; };
		37233EF91C0E209A0042B21B /* SupportViewController.swift */ = {isa = PBXFileReference; fileEncoding = 4; lastKnownFileType = sourcecode.swift; path = SupportViewController.swift; sourceTree = "<group>"; };
		37233EFB1C0E260C0042B21B /* support.html */ = {isa = PBXFileReference; fileEncoding = 4; lastKnownFileType = text.html; path = support.html; sourceTree = "<group>"; };
		3793DFD71C1F591C000D491B /* Pushwoosh.framework */ = {isa = PBXFileReference; lastKnownFileType = wrapper.framework; name = Pushwoosh.framework; path = StdTxGuide/Frameworks/Pushwoosh.framework; sourceTree = "<group>"; };
		3793DFD91C1F5E0B000D491B /* libz.tbd */ = {isa = PBXFileReference; lastKnownFileType = "sourcecode.text-based-dylib-definition"; name = libz.tbd; path = usr/lib/libz.tbd; sourceTree = SDKROOT; };
		3793DFDC1C1F5E6D000D491B /* libstdc++.tbd */ = {isa = PBXFileReference; lastKnownFileType = "sourcecode.text-based-dylib-definition"; name = "libstdc++.tbd"; path = "usr/lib/libstdc++.tbd"; sourceTree = SDKROOT; };
		3799BDEF1C10A11A00ACBC08 /* DeviceInfo.h */ = {isa = PBXFileReference; lastKnownFileType = sourcecode.c.h; path = DeviceInfo.h; sourceTree = "<group>"; };
		37A8E94E1C244980002940A7 /* ShareViewController.swift */ = {isa = PBXFileReference; fileEncoding = 4; lastKnownFileType = sourcecode.swift; path = ShareViewController.swift; sourceTree = "<group>"; };
		37A8E9501C244A45002940A7 /* share.html */ = {isa = PBXFileReference; fileEncoding = 4; lastKnownFileType = text.html; path = share.html; sourceTree = "<group>"; };
		A60D6C771A9F6205007C818D /* sexualhistory.pdf */ = {isa = PBXFileReference; lastKnownFileType = image.pdf; path = sexualhistory.pdf; sourceTree = "<group>"; };
		A60DE3FC19C9DFA4007BBAA7 /* SexualHistoryViewController.swift */ = {isa = PBXFileReference; fileEncoding = 4; lastKnownFileType = sourcecode.swift; path = SexualHistoryViewController.swift; sourceTree = "<group>"; };
		A622D5741B27321700414533 /* ModalEulaViewController.swift */ = {isa = PBXFileReference; fileEncoding = 4; lastKnownFileType = sourcecode.swift; path = ModalEulaViewController.swift; sourceTree = "<group>"; };
		A62FC6801993FC3B000CE5C5 /* Condition.swift */ = {isa = PBXFileReference; fileEncoding = 4; lastKnownFileType = sourcecode.swift; path = Condition.swift; sourceTree = "<group>"; };
		A641345C19CA11FB0041C0E8 /* bootstrap.min.css */ = {isa = PBXFileReference; fileEncoding = 4; lastKnownFileType = text.css; path = bootstrap.min.css; sourceTree = "<group>"; };
		A650DAEA198BFF4F00223E47 /* StdTxGuide.app */ = {isa = PBXFileReference; explicitFileType = wrapper.application; includeInIndex = 0; path = StdTxGuide.app; sourceTree = BUILT_PRODUCTS_DIR; };
		A650DAEE198BFF4F00223E47 /* Info.plist */ = {isa = PBXFileReference; lastKnownFileType = text.plist.xml; path = Info.plist; sourceTree = "<group>"; };
		A650DAEF198BFF4F00223E47 /* AppDelegate.swift */ = {isa = PBXFileReference; lastKnownFileType = sourcecode.swift; path = AppDelegate.swift; sourceTree = "<group>"; };
		A650DAF1198BFF4F00223E47 /* ConditionViewController.swift */ = {isa = PBXFileReference; lastKnownFileType = sourcecode.swift; path = ConditionViewController.swift; sourceTree = "<group>"; };
		A650DAF3198BFF4F00223E47 /* ConditionDetailViewController.swift */ = {isa = PBXFileReference; lastKnownFileType = sourcecode.swift; path = ConditionDetailViewController.swift; sourceTree = "<group>"; };
		A650DAF6198BFF4F00223E47 /* Base */ = {isa = PBXFileReference; lastKnownFileType = file.storyboard; name = Base; path = Base.lproj/Main.storyboard; sourceTree = "<group>"; };
		A650DAFE198BFF4F00223E47 /* StdTxGuideTests.xctest */ = {isa = PBXFileReference; explicitFileType = wrapper.cfbundle; includeInIndex = 0; path = StdTxGuideTests.xctest; sourceTree = BUILT_PRODUCTS_DIR; };
		A650DB03198BFF4F00223E47 /* Info.plist */ = {isa = PBXFileReference; lastKnownFileType = text.plist.xml; path = Info.plist; sourceTree = "<group>"; };
		A650DB04198BFF4F00223E47 /* StdTxGuideTests.swift */ = {isa = PBXFileReference; lastKnownFileType = sourcecode.swift; path = StdTxGuideTests.swift; sourceTree = "<group>"; };
		A650DB0E198C0B6600223E47 /* ConditionContent.swift */ = {isa = PBXFileReference; fileEncoding = 4; lastKnownFileType = sourcecode.swift; path = ConditionContent.swift; sourceTree = "<group>"; };
		A650DB10198C15BA00223E47 /* condition-content-map.txt */ = {isa = PBXFileReference; fileEncoding = 4; lastKnownFileType = text; name = "condition-content-map.txt"; path = "content/condition-content-map.txt"; sourceTree = "<group>"; };
		A66101531B1E0B2200437934 /* c49-clv.html */ = {isa = PBXFileReference; fileEncoding = 4; lastKnownFileType = text.html; path = "c49-clv.html"; sourceTree = "<group>"; };
		A66101541B1E0B2200437934 /* c51-clv.html */ = {isa = PBXFileReference; fileEncoding = 4; lastKnownFileType = text.html; path = "c51-clv.html"; sourceTree = "<group>"; };
		A66101551B1E0B2200437934 /* c54-r.html */ = {isa = PBXFileReference; fileEncoding = 4; lastKnownFileType = text.html; path = "c54-r.html"; sourceTree = "<group>"; };
		A66101561B1E0B2200437934 /* c54-t.html */ = {isa = PBXFileReference; fileEncoding = 4; lastKnownFileType = text.html; path = "c54-t.html"; sourceTree = "<group>"; };
		A66101571B1E0B2200437934 /* terms.css */ = {isa = PBXFileReference; fileEncoding = 4; lastKnownFileType = text.css; path = terms.css; sourceTree = "<group>"; };
		A663358F1B1511D0001B4D9C /* SiteCatalystService.swift */ = {isa = PBXFileReference; fileEncoding = 4; lastKnownFileType = sourcecode.swift; path = SiteCatalystService.swift; sourceTree = "<group>"; };
		A66335C11B178CE1001B4D9C /* Remote.swift */ = {isa = PBXFileReference; fileEncoding = 4; lastKnownFileType = sourcecode.swift; path = Remote.swift; sourceTree = "<group>"; };
		A67011CB1B05383D00308A15 /* Images.xcassets */ = {isa = PBXFileReference; lastKnownFileType = folder.assetcatalog; name = Images.xcassets; path = StdTxGuide/Images.xcassets; sourceTree = "<group>"; };
		A68B5786199BE8DF0030E194 /* c0-clv.html */ = {isa = PBXFileReference; fileEncoding = 4; lastKnownFileType = text.html; path = "c0-clv.html"; sourceTree = "<group>"; };
		A68B5787199BE8DF0030E194 /* c1-r.html */ = {isa = PBXFileReference; fileEncoding = 4; lastKnownFileType = text.html; path = "c1-r.html"; sourceTree = "<group>"; };
		A68B5788199BE8DF0030E194 /* c1-t.html */ = {isa = PBXFileReference; fileEncoding = 4; lastKnownFileType = text.html; path = "c1-t.html"; sourceTree = "<group>"; };
		A68B5789199BE8DF0030E194 /* c10-r.html */ = {isa = PBXFileReference; fileEncoding = 4; lastKnownFileType = text.html; path = "c10-r.html"; sourceTree = "<group>"; };
		A68B578A199BE8DF0030E194 /* c10-t.html */ = {isa = PBXFileReference; fileEncoding = 4; lastKnownFileType = text.html; path = "c10-t.html"; sourceTree = "<group>"; };
		A68B578B199BE8DF0030E194 /* c11-r.html */ = {isa = PBXFileReference; fileEncoding = 4; lastKnownFileType = text.html; path = "c11-r.html"; sourceTree = "<group>"; };
		A68B578C199BE8DF0030E194 /* c11-t.html */ = {isa = PBXFileReference; fileEncoding = 4; lastKnownFileType = text.html; path = "c11-t.html"; sourceTree = "<group>"; };
		A68B578D199BE8DF0030E194 /* c12-r.html */ = {isa = PBXFileReference; fileEncoding = 4; lastKnownFileType = text.html; path = "c12-r.html"; sourceTree = "<group>"; };
		A68B578E199BE8DF0030E194 /* c12-t.html */ = {isa = PBXFileReference; fileEncoding = 4; lastKnownFileType = text.html; path = "c12-t.html"; sourceTree = "<group>"; };
		A68B578F199BE8DF0030E194 /* c13-r.html */ = {isa = PBXFileReference; fileEncoding = 4; lastKnownFileType = text.html; path = "c13-r.html"; sourceTree = "<group>"; };
		A68B5790199BE8DF0030E194 /* c13-t.html */ = {isa = PBXFileReference; fileEncoding = 4; lastKnownFileType = text.html; path = "c13-t.html"; sourceTree = "<group>"; };
		A68B5791199BE8DF0030E194 /* c14-clv.html */ = {isa = PBXFileReference; fileEncoding = 4; lastKnownFileType = text.html; path = "c14-clv.html"; sourceTree = "<group>"; };
		A68B5792199BE8DF0030E194 /* c15-clv.html */ = {isa = PBXFileReference; fileEncoding = 4; lastKnownFileType = text.html; path = "c15-clv.html"; sourceTree = "<group>"; };
		A68B5793199BE8DF0030E194 /* c16-r.html */ = {isa = PBXFileReference; fileEncoding = 4; lastKnownFileType = text.html; path = "c16-r.html"; sourceTree = "<group>"; };
		A68B5794199BE8DF0030E194 /* c16-t.html */ = {isa = PBXFileReference; fileEncoding = 4; lastKnownFileType = text.html; path = "c16-t.html"; sourceTree = "<group>"; };
		A68B5795199BE8DF0030E194 /* c17-r.html */ = {isa = PBXFileReference; fileEncoding = 4; lastKnownFileType = text.html; path = "c17-r.html"; sourceTree = "<group>"; };
		A68B5796199BE8DF0030E194 /* c17-t.html */ = {isa = PBXFileReference; fileEncoding = 4; lastKnownFileType = text.html; path = "c17-t.html"; sourceTree = "<group>"; };
		A68B5797199BE8DF0030E194 /* c18-r.html */ = {isa = PBXFileReference; fileEncoding = 4; lastKnownFileType = text.html; path = "c18-r.html"; sourceTree = "<group>"; };
		A68B5798199BE8DF0030E194 /* c18-t.html */ = {isa = PBXFileReference; fileEncoding = 4; lastKnownFileType = text.html; path = "c18-t.html"; sourceTree = "<group>"; };
		A68B5799199BE8DF0030E194 /* c19-r.html */ = {isa = PBXFileReference; fileEncoding = 4; lastKnownFileType = text.html; path = "c19-r.html"; sourceTree = "<group>"; };
		A68B579A199BE8DF0030E194 /* c19-t.html */ = {isa = PBXFileReference; fileEncoding = 4; lastKnownFileType = text.html; path = "c19-t.html"; sourceTree = "<group>"; };
		A68B579B199BE8DF0030E194 /* c2-r.html */ = {isa = PBXFileReference; fileEncoding = 4; lastKnownFileType = text.html; path = "c2-r.html"; sourceTree = "<group>"; };
		A68B579C199BE8DF0030E194 /* c2-t.html */ = {isa = PBXFileReference; fileEncoding = 4; lastKnownFileType = text.html; path = "c2-t.html"; sourceTree = "<group>"; };
		A68B579D199BE8DF0030E194 /* c20-r.html */ = {isa = PBXFileReference; fileEncoding = 4; lastKnownFileType = text.html; path = "c20-r.html"; sourceTree = "<group>"; };
		A68B579E199BE8DF0030E194 /* c20-t.html */ = {isa = PBXFileReference; fileEncoding = 4; lastKnownFileType = text.html; path = "c20-t.html"; sourceTree = "<group>"; };
		A68B579F199BE8DF0030E194 /* c21-r.html */ = {isa = PBXFileReference; fileEncoding = 4; lastKnownFileType = text.html; path = "c21-r.html"; sourceTree = "<group>"; };
		A68B57A0199BE8DF0030E194 /* c21-t.html */ = {isa = PBXFileReference; fileEncoding = 4; lastKnownFileType = text.html; path = "c21-t.html"; sourceTree = "<group>"; };
		A68B57A1199BE8DF0030E194 /* c22-r.html */ = {isa = PBXFileReference; fileEncoding = 4; lastKnownFileType = text.html; path = "c22-r.html"; sourceTree = "<group>"; };
		A68B57A2199BE8DF0030E194 /* c22-t.html */ = {isa = PBXFileReference; fileEncoding = 4; lastKnownFileType = text.html; path = "c22-t.html"; sourceTree = "<group>"; };
		A68B57A3199BE8DF0030E194 /* c23-r.html */ = {isa = PBXFileReference; fileEncoding = 4; lastKnownFileType = text.html; path = "c23-r.html"; sourceTree = "<group>"; };
		A68B57A4199BE8DF0030E194 /* c23-t.html */ = {isa = PBXFileReference; fileEncoding = 4; lastKnownFileType = text.html; path = "c23-t.html"; sourceTree = "<group>"; };
		A68B57A5199BE8DF0030E194 /* c24-r.html */ = {isa = PBXFileReference; fileEncoding = 4; lastKnownFileType = text.html; path = "c24-r.html"; sourceTree = "<group>"; };
		A68B57A6199BE8DF0030E194 /* c24-t.html */ = {isa = PBXFileReference; fileEncoding = 4; lastKnownFileType = text.html; path = "c24-t.html"; sourceTree = "<group>"; };
		A68B57A7199BE8DF0030E194 /* c25-clv.html */ = {isa = PBXFileReference; fileEncoding = 4; lastKnownFileType = text.html; path = "c25-clv.html"; sourceTree = "<group>"; };
		A68B57A8199BE8DF0030E194 /* c26-t.html */ = {isa = PBXFileReference; fileEncoding = 4; lastKnownFileType = text.html; path = "c26-t.html"; sourceTree = "<group>"; };
		A68B57A9199BE8DF0030E194 /* c27-t.html */ = {isa = PBXFileReference; fileEncoding = 4; lastKnownFileType = text.html; path = "c27-t.html"; sourceTree = "<group>"; };
		A68B57AA199BE8DF0030E194 /* c28-t.html */ = {isa = PBXFileReference; fileEncoding = 4; lastKnownFileType = text.html; path = "c28-t.html"; sourceTree = "<group>"; };
		A68B57AB199BE8DF0030E194 /* c29-clv.html */ = {isa = PBXFileReference; fileEncoding = 4; lastKnownFileType = text.html; path = "c29-clv.html"; sourceTree = "<group>"; };
		A68B57AC199BE8DF0030E194 /* c3-clv.html */ = {isa = PBXFileReference; fileEncoding = 4; lastKnownFileType = text.html; path = "c3-clv.html"; sourceTree = "<group>"; };
		A68B57AD199BE8DF0030E194 /* c30-r.html */ = {isa = PBXFileReference; fileEncoding = 4; lastKnownFileType = text.html; path = "c30-r.html"; sourceTree = "<group>"; };
		A68B57AE199BE8DF0030E194 /* c30-t.html */ = {isa = PBXFileReference; fileEncoding = 4; lastKnownFileType = text.html; path = "c30-t.html"; sourceTree = "<group>"; };
		A68B57AF199BE8DF0030E194 /* c31-r.html */ = {isa = PBXFileReference; fileEncoding = 4; lastKnownFileType = text.html; path = "c31-r.html"; sourceTree = "<group>"; };
		A68B57B0199BE8DF0030E194 /* c31-t.html */ = {isa = PBXFileReference; fileEncoding = 4; lastKnownFileType = text.html; path = "c31-t.html"; sourceTree = "<group>"; };
		A68B57B1199BE8DF0030E194 /* c32-r.html */ = {isa = PBXFileReference; fileEncoding = 4; lastKnownFileType = text.html; path = "c32-r.html"; sourceTree = "<group>"; };
		A68B57B2199BE8DF0030E194 /* c32-t.html */ = {isa = PBXFileReference; fileEncoding = 4; lastKnownFileType = text.html; path = "c32-t.html"; sourceTree = "<group>"; };
		A68B57B3199BE8DF0030E194 /* c33-t.html */ = {isa = PBXFileReference; fileEncoding = 4; lastKnownFileType = text.html; path = "c33-t.html"; sourceTree = "<group>"; };
		A68B57B4199BE8DF0030E194 /* c34-t.html */ = {isa = PBXFileReference; fileEncoding = 4; lastKnownFileType = text.html; path = "c34-t.html"; sourceTree = "<group>"; };
		A68B57B5199BE8DF0030E194 /* c35-t.html */ = {isa = PBXFileReference; fileEncoding = 4; lastKnownFileType = text.html; path = "c35-t.html"; sourceTree = "<group>"; };
		A68B57B6199BE8DF0030E194 /* c36-t.html */ = {isa = PBXFileReference; fileEncoding = 4; lastKnownFileType = text.html; path = "c36-t.html"; sourceTree = "<group>"; };
		A68B57B7199BE8DF0030E194 /* c37-r.html */ = {isa = PBXFileReference; fileEncoding = 4; lastKnownFileType = text.html; path = "c37-r.html"; sourceTree = "<group>"; };
		A68B57B8199BE8DF0030E194 /* c37-t.html */ = {isa = PBXFileReference; fileEncoding = 4; lastKnownFileType = text.html; path = "c37-t.html"; sourceTree = "<group>"; };
		A68B57B9199BE8DF0030E194 /* c38-r.html */ = {isa = PBXFileReference; fileEncoding = 4; lastKnownFileType = text.html; path = "c38-r.html"; sourceTree = "<group>"; };
		A68B57BA199BE8DF0030E194 /* c38-t.html */ = {isa = PBXFileReference; fileEncoding = 4; lastKnownFileType = text.html; path = "c38-t.html"; sourceTree = "<group>"; };
		A68B57BB199BE8DF0030E194 /* c39-r.html */ = {isa = PBXFileReference; fileEncoding = 4; lastKnownFileType = text.html; path = "c39-r.html"; sourceTree = "<group>"; };
		A68B57BC199BE8DF0030E194 /* c39-t.html */ = {isa = PBXFileReference; fileEncoding = 4; lastKnownFileType = text.html; path = "c39-t.html"; sourceTree = "<group>"; };
		A68B57BD199BE8DF0030E194 /* c4-r.html */ = {isa = PBXFileReference; fileEncoding = 4; lastKnownFileType = text.html; path = "c4-r.html"; sourceTree = "<group>"; };
		A68B57BE199BE8DF0030E194 /* c4-t.html */ = {isa = PBXFileReference; fileEncoding = 4; lastKnownFileType = text.html; path = "c4-t.html"; sourceTree = "<group>"; };
		A68B57BF199BE8DF0030E194 /* c40-r.html */ = {isa = PBXFileReference; fileEncoding = 4; lastKnownFileType = text.html; path = "c40-r.html"; sourceTree = "<group>"; };
		A68B57C0199BE8DF0030E194 /* c40-t.html */ = {isa = PBXFileReference; fileEncoding = 4; lastKnownFileType = text.html; path = "c40-t.html"; sourceTree = "<group>"; };
		A68B57C1199BE8DF0030E194 /* c41-clv.html */ = {isa = PBXFileReference; fileEncoding = 4; lastKnownFileType = text.html; path = "c41-clv.html"; sourceTree = "<group>"; };
		A68B57C2199BE8DF0030E194 /* c42-r.html */ = {isa = PBXFileReference; fileEncoding = 4; lastKnownFileType = text.html; path = "c42-r.html"; sourceTree = "<group>"; };
		A68B57C3199BE8DF0030E194 /* c42-t.html */ = {isa = PBXFileReference; fileEncoding = 4; lastKnownFileType = text.html; path = "c42-t.html"; sourceTree = "<group>"; };
		A68B57C4199BE8DF0030E194 /* c43-t.html */ = {isa = PBXFileReference; fileEncoding = 4; lastKnownFileType = text.html; path = "c43-t.html"; sourceTree = "<group>"; };
		A68B57C5199BE8DF0030E194 /* c44-clv.html */ = {isa = PBXFileReference; fileEncoding = 4; lastKnownFileType = text.html; path = "c44-clv.html"; sourceTree = "<group>"; };
		A68B57C6199BE8DF0030E194 /* c45-r.html */ = {isa = PBXFileReference; fileEncoding = 4; lastKnownFileType = text.html; path = "c45-r.html"; sourceTree = "<group>"; };
		A68B57C7199BE8DF0030E194 /* c45-t.html */ = {isa = PBXFileReference; fileEncoding = 4; lastKnownFileType = text.html; path = "c45-t.html"; sourceTree = "<group>"; };
		A68B57C8199BE8DF0030E194 /* c46-clv.html */ = {isa = PBXFileReference; fileEncoding = 4; lastKnownFileType = text.html; path = "c46-clv.html"; sourceTree = "<group>"; };
		A68B57C9199BE8DF0030E194 /* c47-r.html */ = {isa = PBXFileReference; fileEncoding = 4; lastKnownFileType = text.html; path = "c47-r.html"; sourceTree = "<group>"; };
		A68B57CA199BE8DF0030E194 /* c47-t.html */ = {isa = PBXFileReference; fileEncoding = 4; lastKnownFileType = text.html; path = "c47-t.html"; sourceTree = "<group>"; };
		A68B57CB199BE8DF0030E194 /* c48-r.html */ = {isa = PBXFileReference; fileEncoding = 4; lastKnownFileType = text.html; path = "c48-r.html"; sourceTree = "<group>"; };
		A68B57CC199BE8DF0030E194 /* c48-t.html */ = {isa = PBXFileReference; fileEncoding = 4; lastKnownFileType = text.html; path = "c48-t.html"; sourceTree = "<group>"; };
		A68B57CD199BE8DF0030E194 /* c49-r.html */ = {isa = PBXFileReference; fileEncoding = 4; lastKnownFileType = text.html; path = "c49-r.html"; sourceTree = "<group>"; };
		A68B57CE199BE8DF0030E194 /* c49-t.html */ = {isa = PBXFileReference; fileEncoding = 4; lastKnownFileType = text.html; path = "c49-t.html"; sourceTree = "<group>"; };
		A68B57CF199BE8DF0030E194 /* c5-t.html */ = {isa = PBXFileReference; fileEncoding = 4; lastKnownFileType = text.html; path = "c5-t.html"; sourceTree = "<group>"; };
		A68B57D0199BE8DF0030E194 /* c50-r.html */ = {isa = PBXFileReference; fileEncoding = 4; lastKnownFileType = text.html; path = "c50-r.html"; sourceTree = "<group>"; };
		A68B57D1199BE8DF0030E194 /* c50-t.html */ = {isa = PBXFileReference; fileEncoding = 4; lastKnownFileType = text.html; path = "c50-t.html"; sourceTree = "<group>"; };
		A68B57D2199BE8DF0030E194 /* c51-r.html */ = {isa = PBXFileReference; fileEncoding = 4; lastKnownFileType = text.html; path = "c51-r.html"; sourceTree = "<group>"; };
		A68B57D3199BE8DF0030E194 /* c51-t.html */ = {isa = PBXFileReference; fileEncoding = 4; lastKnownFileType = text.html; path = "c51-t.html"; sourceTree = "<group>"; };
		A68B57D4199BE8DF0030E194 /* c52-r.html */ = {isa = PBXFileReference; fileEncoding = 4; lastKnownFileType = text.html; path = "c52-r.html"; sourceTree = "<group>"; };
		A68B57D5199BE8DF0030E194 /* c52-t.html */ = {isa = PBXFileReference; fileEncoding = 4; lastKnownFileType = text.html; path = "c52-t.html"; sourceTree = "<group>"; };
		A68B57D6199BE8DF0030E194 /* c53-r.html */ = {isa = PBXFileReference; fileEncoding = 4; lastKnownFileType = text.html; path = "c53-r.html"; sourceTree = "<group>"; };
		A68B57D7199BE8DF0030E194 /* c53-t.html */ = {isa = PBXFileReference; fileEncoding = 4; lastKnownFileType = text.html; path = "c53-t.html"; sourceTree = "<group>"; };
		A68B57D8199BE8DF0030E194 /* c54-clv.html */ = {isa = PBXFileReference; fileEncoding = 4; lastKnownFileType = text.html; path = "c54-clv.html"; sourceTree = "<group>"; };
		A68B57D9199BE8DF0030E194 /* c55-r.html */ = {isa = PBXFileReference; fileEncoding = 4; lastKnownFileType = text.html; path = "c55-r.html"; sourceTree = "<group>"; };
		A68B57DA199BE8DF0030E194 /* c55-t.html */ = {isa = PBXFileReference; fileEncoding = 4; lastKnownFileType = text.html; path = "c55-t.html"; sourceTree = "<group>"; };
		A68B57DB199BE8DF0030E194 /* c56-r.html */ = {isa = PBXFileReference; fileEncoding = 4; lastKnownFileType = text.html; path = "c56-r.html"; sourceTree = "<group>"; };
		A68B57DC199BE8DF0030E194 /* c56-t.html */ = {isa = PBXFileReference; fileEncoding = 4; lastKnownFileType = text.html; path = "c56-t.html"; sourceTree = "<group>"; };
		A68B57DD199BE8DF0030E194 /* c57-r.html */ = {isa = PBXFileReference; fileEncoding = 4; lastKnownFileType = text.html; path = "c57-r.html"; sourceTree = "<group>"; };
		A68B57DE199BE8DF0030E194 /* c57-t.html */ = {isa = PBXFileReference; fileEncoding = 4; lastKnownFileType = text.html; path = "c57-t.html"; sourceTree = "<group>"; };
		A68B57DF199BE8DF0030E194 /* c6-r.html */ = {isa = PBXFileReference; fileEncoding = 4; lastKnownFileType = text.html; path = "c6-r.html"; sourceTree = "<group>"; };
		A68B57E0199BE8DF0030E194 /* c6-t.html */ = {isa = PBXFileReference; fileEncoding = 4; lastKnownFileType = text.html; path = "c6-t.html"; sourceTree = "<group>"; };
		A68B57E1199BE8DF0030E194 /* c7-r.html */ = {isa = PBXFileReference; fileEncoding = 4; lastKnownFileType = text.html; path = "c7-r.html"; sourceTree = "<group>"; };
		A68B57E2199BE8DF0030E194 /* c7-t.html */ = {isa = PBXFileReference; fileEncoding = 4; lastKnownFileType = text.html; path = "c7-t.html"; sourceTree = "<group>"; };
		A68B57E3199BE8DF0030E194 /* c8-clv.html */ = {isa = PBXFileReference; fileEncoding = 4; lastKnownFileType = text.html; path = "c8-clv.html"; sourceTree = "<group>"; };
		A68B57E4199BE8DF0030E194 /* c9-r.html */ = {isa = PBXFileReference; fileEncoding = 4; lastKnownFileType = text.html; path = "c9-r.html"; sourceTree = "<group>"; };
		A68B57E5199BE8DF0030E194 /* c9-t.html */ = {isa = PBXFileReference; fileEncoding = 4; lastKnownFileType = text.html; path = "c9-t.html"; sourceTree = "<group>"; };
		A68B57E6199BE8DF0030E194 /* condition-content-map.txt */ = {isa = PBXFileReference; fileEncoding = 4; lastKnownFileType = text; path = "condition-content-map.txt"; sourceTree = "<group>"; };
		A68B57E7199BE8DF0030E194 /* custom_arrow.css */ = {isa = PBXFileReference; fileEncoding = 4; lastKnownFileType = text.css; path = custom_arrow.css; sourceTree = "<group>"; };
		A68B57E8199BE8DF0030E194 /* jquery.mobile.swatch.f.css */ = {isa = PBXFileReference; fileEncoding = 4; lastKnownFileType = text.css; path = jquery.mobile.swatch.f.css; sourceTree = "<group>"; };
		A68B57E9199BE8DF0030E194 /* recreated_tables.css */ = {isa = PBXFileReference; fileEncoding = 4; lastKnownFileType = text.css; path = recreated_tables.css; sourceTree = "<group>"; };
		A68B57EA199BE8DF0030E194 /* treatments.css */ = {isa = PBXFileReference; fileEncoding = 4; lastKnownFileType = text.css; path = treatments.css; sourceTree = "<group>"; };
		A69DAEB51B0B61C30058F90E /* SubConditionViewController.swift */ = {isa = PBXFileReference; fileEncoding = 4; lastKnownFileType = sourcecode.swift; path = SubConditionViewController.swift; sourceTree = "<group>"; };
		A6A9D8411AF1159100CD2800 /* test-breadcrumbs.html */ = {isa = PBXFileReference; fileEncoding = 4; lastKnownFileType = text.html; path = "test-breadcrumbs.html"; sourceTree = "<group>"; };
		A6AA155E1AA0E4E100EC5A56 /* FullGuidelinesViewController.swift */ = {isa = PBXFileReference; fileEncoding = 4; lastKnownFileType = sourcecode.swift; path = FullGuidelinesViewController.swift; sourceTree = "<group>"; };
		A6AA15601AA0E56D00EC5A56 /* full.html */ = {isa = PBXFileReference; fileEncoding = 4; lastKnownFileType = text.html; path = full.html; sourceTree = "<group>"; };
		A6BE154719F19A9B008330A1 /* c14-r.html */ = {isa = PBXFileReference; fileEncoding = 4; lastKnownFileType = text.html; path = "c14-r.html"; sourceTree = "<group>"; };
		A6BE154819F19A9B008330A1 /* c14-t.html */ = {isa = PBXFileReference; fileEncoding = 4; lastKnownFileType = text.html; path = "c14-t.html"; sourceTree = "<group>"; };
		A6BE154B19F19AE2008330A1 /* c16-clv.html */ = {isa = PBXFileReference; fileEncoding = 4; lastKnownFileType = text.html; path = "c16-clv.html"; sourceTree = "<group>"; };
		A6BE154C19F19AE2008330A1 /* c24-clv.html */ = {isa = PBXFileReference; fileEncoding = 4; lastKnownFileType = text.html; path = "c24-clv.html"; sourceTree = "<group>"; };
		A6BE154D19F19AE2008330A1 /* c25-t.html */ = {isa = PBXFileReference; fileEncoding = 4; lastKnownFileType = text.html; path = "c25-t.html"; sourceTree = "<group>"; };
		A6BE154E19F19AE2008330A1 /* c28-clv.html */ = {isa = PBXFileReference; fileEncoding = 4; lastKnownFileType = text.html; path = "c28-clv.html"; sourceTree = "<group>"; };
		A6BE154F19F19AE2008330A1 /* c29-r.html */ = {isa = PBXFileReference; fileEncoding = 4; lastKnownFileType = text.html; path = "c29-r.html"; sourceTree = "<group>"; };
		A6BE155019F19AE2008330A1 /* c29-t.html */ = {isa = PBXFileReference; fileEncoding = 4; lastKnownFileType = text.html; path = "c29-t.html"; sourceTree = "<group>"; };
		A6BE155119F19AE2008330A1 /* c36-r.html */ = {isa = PBXFileReference; fileEncoding = 4; lastKnownFileType = text.html; path = "c36-r.html"; sourceTree = "<group>"; };
		A6BE155219F19AE2008330A1 /* c40-clv.html */ = {isa = PBXFileReference; fileEncoding = 4; lastKnownFileType = text.html; path = "c40-clv.html"; sourceTree = "<group>"; };
		A6BE155319F19AE2008330A1 /* c41-r.html */ = {isa = PBXFileReference; fileEncoding = 4; lastKnownFileType = text.html; path = "c41-r.html"; sourceTree = "<group>"; };
		A6BE155419F19AE2008330A1 /* c41-t.html */ = {isa = PBXFileReference; fileEncoding = 4; lastKnownFileType = text.html; path = "c41-t.html"; sourceTree = "<group>"; };
		A6BE155519F19AE2008330A1 /* c43-clv.html */ = {isa = PBXFileReference; fileEncoding = 4; lastKnownFileType = text.html; path = "c43-clv.html"; sourceTree = "<group>"; };
		A6BE155619F19AE2008330A1 /* c44-r.html */ = {isa = PBXFileReference; fileEncoding = 4; lastKnownFileType = text.html; path = "c44-r.html"; sourceTree = "<group>"; };
		A6BE155719F19AE2008330A1 /* c44-t.html */ = {isa = PBXFileReference; fileEncoding = 4; lastKnownFileType = text.html; path = "c44-t.html"; sourceTree = "<group>"; };
		A6BE155819F19AE2008330A1 /* c46-r.html */ = {isa = PBXFileReference; fileEncoding = 4; lastKnownFileType = text.html; path = "c46-r.html"; sourceTree = "<group>"; };
		A6BE155919F19AE2008330A1 /* c46-t.html */ = {isa = PBXFileReference; fileEncoding = 4; lastKnownFileType = text.html; path = "c46-t.html"; sourceTree = "<group>"; };
		A6BE155A19F19AE2008330A1 /* c50-clv.html */ = {isa = PBXFileReference; fileEncoding = 4; lastKnownFileType = text.html; path = "c50-clv.html"; sourceTree = "<group>"; };
		A6DC6EE31B21EDBD00A057A5 /* AppearanceHelper.swift */ = {isa = PBXFileReference; fileEncoding = 4; lastKnownFileType = sourcecode.swift; path = AppearanceHelper.swift; sourceTree = "<group>"; };
		A6DF28B71B1F9C3F00F3BF9D /* Logging.swift */ = {isa = PBXFileReference; fileEncoding = 4; lastKnownFileType = sourcecode.swift; path = Logging.swift; sourceTree = "<group>"; };
		A6E3F4C01B0D013900982CAF /* ConditionsRootViewController.swift */ = {isa = PBXFileReference; fileEncoding = 4; lastKnownFileType = sourcecode.swift; path = ConditionsRootViewController.swift; sourceTree = "<group>"; };
		A6F7C7A7199CF7F200A77F2C /* TermsViewController.swift */ = {isa = PBXFileReference; fileEncoding = 4; lastKnownFileType = sourcecode.swift; path = TermsViewController.swift; sourceTree = "<group>"; };
		A6F7C7A9199D28B400A77F2C /* eula_icon_retina.png */ = {isa = PBXFileReference; lastKnownFileType = image.png; path = eula_icon_retina.png; sourceTree = "<group>"; };
		A6F7C7AA199D28B400A77F2C /* eula.css */ = {isa = PBXFileReference; fileEncoding = 4; lastKnownFileType = text.css; path = eula.css; sourceTree = "<group>"; };
		A6F7C7AB199D28B400A77F2C /* eula.html */ = {isa = PBXFileReference; fileEncoding = 4; lastKnownFileType = text.html; path = eula.html; sourceTree = "<group>"; };
		A6F7C7AC199D28B400A77F2C /* about_icon_page.png */ = {isa = PBXFileReference; lastKnownFileType = image.png; path = about_icon_page.png; sourceTree = "<group>"; };
		A6F7C7AD199D28B400A77F2C /* about_us.html */ = {isa = PBXFileReference; fileEncoding = 4; lastKnownFileType = text.html; path = about_us.html; sourceTree = "<group>"; };
		A6F7C7AE199D28B400A77F2C /* about.css */ = {isa = PBXFileReference; fileEncoding = 4; lastKnownFileType = text.css; path = about.css; sourceTree = "<group>"; };
		A6F7C7AF199D28B400A77F2C /* terms.html */ = {isa = PBXFileReference; fileEncoding = 4; lastKnownFileType = text.html; path = terms.html; sourceTree = "<group>"; };
		A6F7C7B9199D33D500A77F2C /* AboutUsViewController.swift */ = {isa = PBXFileReference; fileEncoding = 4; lastKnownFileType = sourcecode.swift; path = AboutUsViewController.swift; sourceTree = "<group>"; };
		A6F7C7BB199D35AE00A77F2C /* EulaViewController.swift */ = {isa = PBXFileReference; fileEncoding = 4; lastKnownFileType = sourcecode.swift; path = EulaViewController.swift; sourceTree = "<group>"; };
/* End PBXFileReference section */

/* Begin PBXFrameworksBuildPhase section */
		A650DAE7198BFF4F00223E47 /* Frameworks */ = {
			isa = PBXFrameworksBuildPhase;
			buildActionMask = 2147483647;
			files = (
				3793DFDD1C1F5E6D000D491B /* libstdc++.tbd in Frameworks */,
				3793DFDB1C1F5E1F000D491B /* Pushwoosh.framework in Frameworks */,
				3793DFDA1C1F5E0B000D491B /* libz.tbd in Frameworks */,
			);
			runOnlyForDeploymentPostprocessing = 0;
		};
		A650DAFB198BFF4F00223E47 /* Frameworks */ = {
			isa = PBXFrameworksBuildPhase;
			buildActionMask = 2147483647;
			files = (
			);
			runOnlyForDeploymentPostprocessing = 0;
		};
/* End PBXFrameworksBuildPhase section */

/* Begin PBXGroup section */
		A650DAE1198BFF4F00223E47 = {
			isa = PBXGroup;
			children = (
				3793DFDC1C1F5E6D000D491B /* libstdc++.tbd */,
				3793DFD91C1F5E0B000D491B /* libz.tbd */,
				3793DFD71C1F591C000D491B /* Pushwoosh.framework */,
				A67011CB1B05383D00308A15 /* Images.xcassets */,
				A68B5785199BE8DF0030E194 /* content */,
				A650DAEC198BFF4F00223E47 /* StdTxGuide */,
				A650DB01198BFF4F00223E47 /* StdTxGuideTests */,
				A650DAEB198BFF4F00223E47 /* Products */,
			);
			sourceTree = "<group>";
		};
		A650DAEB198BFF4F00223E47 /* Products */ = {
			isa = PBXGroup;
			children = (
				A650DAEA198BFF4F00223E47 /* StdTxGuide.app */,
				A650DAFE198BFF4F00223E47 /* StdTxGuideTests.xctest */,
			);
			name = Products;
			sourceTree = "<group>";
		};
		A650DAEC198BFF4F00223E47 /* StdTxGuide */ = {
			isa = PBXGroup;
			children = (
				A6F7C7B9199D33D500A77F2C /* AboutUsViewController.swift */,
				A650DAEF198BFF4F00223E47 /* AppDelegate.swift */,
				A6DC6EE31B21EDBD00A057A5 /* AppearanceHelper.swift */,
				A62FC6801993FC3B000CE5C5 /* Condition.swift */,
				A650DB0E198C0B6600223E47 /* ConditionContent.swift */,
				A650DAF3198BFF4F00223E47 /* ConditionDetailViewController.swift */,
				A6E3F4C01B0D013900982CAF /* ConditionsRootViewController.swift */,
				A650DAF1198BFF4F00223E47 /* ConditionViewController.swift */,
				3799BDEF1C10A11A00ACBC08 /* DeviceInfo.h */,
				3707CE5A1C0F3FC000C85B1F /* DeviceInfo.m */,
				A6F7C7BB199D35AE00A77F2C /* EulaViewController.swift */,
				A6AA155E1AA0E4E100EC5A56 /* FullGuidelinesViewController.swift */,
				A6DF28B71B1F9C3F00F3BF9D /* Logging.swift */,
				A650DAF5198BFF4F00223E47 /* Main.storyboard */,
				A622D5741B27321700414533 /* ModalEulaViewController.swift */,
				A66335C11B178CE1001B4D9C /* Remote.swift */,
				A60DE3FC19C9DFA4007BBAA7 /* SexualHistoryViewController.swift */,
				37A8E94E1C244980002940A7 /* ShareViewController.swift */,
				A663358F1B1511D0001B4D9C /* SiteCatalystService.swift */,
				3707CE591C0F3FC000C85B1F /* StdTxGuide-Bridging-Header.h */,
				A69DAEB51B0B61C30058F90E /* SubConditionViewController.swift */,
				37233EF91C0E209A0042B21B /* SupportViewController.swift */,
				A6F7C7A7199CF7F200A77F2C /* TermsViewController.swift */,
				A650DAED198BFF4F00223E47 /* Supporting Files */,
			);
			path = StdTxGuide;
			sourceTree = "<group>";
		};
		A650DAED198BFF4F00223E47 /* Supporting Files */ = {
			isa = PBXGroup;
			children = (
				A60D6C771A9F6205007C818D /* sexualhistory.pdf */,
				A650DB10198C15BA00223E47 /* condition-content-map.txt */,
				A650DAEE198BFF4F00223E47 /* Info.plist */,
			);
			name = "Supporting Files";
			sourceTree = "<group>";
		};
		A650DB01198BFF4F00223E47 /* StdTxGuideTests */ = {
			isa = PBXGroup;
			children = (
				A650DB04198BFF4F00223E47 /* StdTxGuideTests.swift */,
				A650DB02198BFF4F00223E47 /* Supporting Files */,
			);
			path = StdTxGuideTests;
			sourceTree = "<group>";
		};
		A650DB02198BFF4F00223E47 /* Supporting Files */ = {
			isa = PBXGroup;
			children = (
				A650DB03198BFF4F00223E47 /* Info.plist */,
			);
			name = "Supporting Files";
			sourceTree = "<group>";
		};
		A68B5785199BE8DF0030E194 /* content */ = {
			isa = PBXGroup;
			children = (
				37A8E9501C244A45002940A7 /* share.html */,
				A66101531B1E0B2200437934 /* c49-clv.html */,
				A66101541B1E0B2200437934 /* c51-clv.html */,
				A66101551B1E0B2200437934 /* c54-r.html */,
				A66101561B1E0B2200437934 /* c54-t.html */,
				A66101571B1E0B2200437934 /* terms.css */,
				A6F7C7AC199D28B400A77F2C /* about_icon_page.png */,
				A6F7C7AD199D28B400A77F2C /* about_us.html */,
				A6F7C7AE199D28B400A77F2C /* about.css */,
				A641345C19CA11FB0041C0E8 /* bootstrap.min.css */,
				A68B5786199BE8DF0030E194 /* c0-clv.html */,
				A68B5787199BE8DF0030E194 /* c1-r.html */,
				A68B5788199BE8DF0030E194 /* c1-t.html */,
				A68B579B199BE8DF0030E194 /* c2-r.html */,
				A68B579C199BE8DF0030E194 /* c2-t.html */,
				A68B57AC199BE8DF0030E194 /* c3-clv.html */,
				A68B57BD199BE8DF0030E194 /* c4-r.html */,
				A68B57BE199BE8DF0030E194 /* c4-t.html */,
				A68B57CF199BE8DF0030E194 /* c5-t.html */,
				A68B57DF199BE8DF0030E194 /* c6-r.html */,
				A68B57E0199BE8DF0030E194 /* c6-t.html */,
				A68B57E1199BE8DF0030E194 /* c7-r.html */,
				A68B57E2199BE8DF0030E194 /* c7-t.html */,
				A68B57E3199BE8DF0030E194 /* c8-clv.html */,
				A68B57E4199BE8DF0030E194 /* c9-r.html */,
				A68B57E5199BE8DF0030E194 /* c9-t.html */,
				A68B5789199BE8DF0030E194 /* c10-r.html */,
				A68B578A199BE8DF0030E194 /* c10-t.html */,
				A68B578B199BE8DF0030E194 /* c11-r.html */,
				A68B578C199BE8DF0030E194 /* c11-t.html */,
				A68B578D199BE8DF0030E194 /* c12-r.html */,
				A68B578E199BE8DF0030E194 /* c12-t.html */,
				A68B578F199BE8DF0030E194 /* c13-r.html */,
				A68B5790199BE8DF0030E194 /* c13-t.html */,
				A68B5791199BE8DF0030E194 /* c14-clv.html */,
				A6BE154719F19A9B008330A1 /* c14-r.html */,
				A6BE154819F19A9B008330A1 /* c14-t.html */,
				A68B5792199BE8DF0030E194 /* c15-clv.html */,
				A6BE154B19F19AE2008330A1 /* c16-clv.html */,
				A68B5793199BE8DF0030E194 /* c16-r.html */,
				A68B5794199BE8DF0030E194 /* c16-t.html */,
				A68B5795199BE8DF0030E194 /* c17-r.html */,
				A68B5796199BE8DF0030E194 /* c17-t.html */,
				A68B5797199BE8DF0030E194 /* c18-r.html */,
				A68B5798199BE8DF0030E194 /* c18-t.html */,
				A68B5799199BE8DF0030E194 /* c19-r.html */,
				A68B579A199BE8DF0030E194 /* c19-t.html */,
				A68B579D199BE8DF0030E194 /* c20-r.html */,
				A68B579E199BE8DF0030E194 /* c20-t.html */,
				A68B579F199BE8DF0030E194 /* c21-r.html */,
				A68B57A0199BE8DF0030E194 /* c21-t.html */,
				A68B57A1199BE8DF0030E194 /* c22-r.html */,
				A68B57A2199BE8DF0030E194 /* c22-t.html */,
				A68B57A3199BE8DF0030E194 /* c23-r.html */,
				A68B57A4199BE8DF0030E194 /* c23-t.html */,
				A6BE154C19F19AE2008330A1 /* c24-clv.html */,
				A68B57A5199BE8DF0030E194 /* c24-r.html */,
				A68B57A6199BE8DF0030E194 /* c24-t.html */,
				A68B57A7199BE8DF0030E194 /* c25-clv.html */,
				A6BE154D19F19AE2008330A1 /* c25-t.html */,
				A68B57A8199BE8DF0030E194 /* c26-t.html */,
				A68B57A9199BE8DF0030E194 /* c27-t.html */,
				A6BE154E19F19AE2008330A1 /* c28-clv.html */,
				A68B57AA199BE8DF0030E194 /* c28-t.html */,
				A68B57AB199BE8DF0030E194 /* c29-clv.html */,
				A6BE154F19F19AE2008330A1 /* c29-r.html */,
				A6BE155019F19AE2008330A1 /* c29-t.html */,
				A68B57AD199BE8DF0030E194 /* c30-r.html */,
				A68B57AE199BE8DF0030E194 /* c30-t.html */,
				A68B57AF199BE8DF0030E194 /* c31-r.html */,
				A68B57B0199BE8DF0030E194 /* c31-t.html */,
				A68B57B1199BE8DF0030E194 /* c32-r.html */,
				A68B57B2199BE8DF0030E194 /* c32-t.html */,
				A68B57B3199BE8DF0030E194 /* c33-t.html */,
				A68B57B4199BE8DF0030E194 /* c34-t.html */,
				A68B57B5199BE8DF0030E194 /* c35-t.html */,
				A6BE155119F19AE2008330A1 /* c36-r.html */,
				A68B57B6199BE8DF0030E194 /* c36-t.html */,
				A68B57B7199BE8DF0030E194 /* c37-r.html */,
				A68B57B8199BE8DF0030E194 /* c37-t.html */,
				A68B57B9199BE8DF0030E194 /* c38-r.html */,
				A68B57BA199BE8DF0030E194 /* c38-t.html */,
				A68B57BB199BE8DF0030E194 /* c39-r.html */,
				A68B57BC199BE8DF0030E194 /* c39-t.html */,
				A6BE155219F19AE2008330A1 /* c40-clv.html */,
				A68B57BF199BE8DF0030E194 /* c40-r.html */,
				A68B57C0199BE8DF0030E194 /* c40-t.html */,
				A68B57C1199BE8DF0030E194 /* c41-clv.html */,
				A6BE155319F19AE2008330A1 /* c41-r.html */,
				A6BE155419F19AE2008330A1 /* c41-t.html */,
				A68B57C2199BE8DF0030E194 /* c42-r.html */,
				A68B57C3199BE8DF0030E194 /* c42-t.html */,
				A6BE155519F19AE2008330A1 /* c43-clv.html */,
				A68B57C4199BE8DF0030E194 /* c43-t.html */,
				A68B57C5199BE8DF0030E194 /* c44-clv.html */,
				A6BE155619F19AE2008330A1 /* c44-r.html */,
				A6BE155719F19AE2008330A1 /* c44-t.html */,
				A68B57C6199BE8DF0030E194 /* c45-r.html */,
				A68B57C7199BE8DF0030E194 /* c45-t.html */,
				A68B57C8199BE8DF0030E194 /* c46-clv.html */,
				A6BE155819F19AE2008330A1 /* c46-r.html */,
				A6BE155919F19AE2008330A1 /* c46-t.html */,
				A68B57C9199BE8DF0030E194 /* c47-r.html */,
				A68B57CA199BE8DF0030E194 /* c47-t.html */,
				A68B57CB199BE8DF0030E194 /* c48-r.html */,
				A68B57CC199BE8DF0030E194 /* c48-t.html */,
				A68B57CD199BE8DF0030E194 /* c49-r.html */,
				A68B57CE199BE8DF0030E194 /* c49-t.html */,
				A6BE155A19F19AE2008330A1 /* c50-clv.html */,
				A68B57D0199BE8DF0030E194 /* c50-r.html */,
				A68B57D1199BE8DF0030E194 /* c50-t.html */,
				A68B57D2199BE8DF0030E194 /* c51-r.html */,
				A68B57D3199BE8DF0030E194 /* c51-t.html */,
				A68B57D4199BE8DF0030E194 /* c52-r.html */,
				A68B57D5199BE8DF0030E194 /* c52-t.html */,
				A68B57D6199BE8DF0030E194 /* c53-r.html */,
				A68B57D7199BE8DF0030E194 /* c53-t.html */,
				A68B57D8199BE8DF0030E194 /* c54-clv.html */,
				A68B57D9199BE8DF0030E194 /* c55-r.html */,
				A68B57DA199BE8DF0030E194 /* c55-t.html */,
				A68B57DB199BE8DF0030E194 /* c56-r.html */,
				A68B57DC199BE8DF0030E194 /* c56-t.html */,
				A68B57DD199BE8DF0030E194 /* c57-r.html */,
				A68B57DE199BE8DF0030E194 /* c57-t.html */,
				A68B57E6199BE8DF0030E194 /* condition-content-map.txt */,
				A68B57E7199BE8DF0030E194 /* custom_arrow.css */,
				A6F7C7A9199D28B400A77F2C /* eula_icon_retina.png */,
				A6F7C7AA199D28B400A77F2C /* eula.css */,
				A6F7C7AB199D28B400A77F2C /* eula.html */,
				A6AA15601AA0E56D00EC5A56 /* full.html */,
				A68B57E8199BE8DF0030E194 /* jquery.mobile.swatch.f.css */,
				A68B57E9199BE8DF0030E194 /* recreated_tables.css */,
				A6F7C7AF199D28B400A77F2C /* terms.html */,
				A68B57EA199BE8DF0030E194 /* treatments.css */,
				A6A9D8411AF1159100CD2800 /* test-breadcrumbs.html */,
				37233EFB1C0E260C0042B21B /* support.html */,
			);
			name = content;
			path = StdTxGuide/content;
			sourceTree = "<group>";
		};
/* End PBXGroup section */

/* Begin PBXNativeTarget section */
		A650DAE9198BFF4F00223E47 /* StdTxGuide */ = {
			isa = PBXNativeTarget;
			buildConfigurationList = A650DB08198BFF4F00223E47 /* Build configuration list for PBXNativeTarget "StdTxGuide" */;
			buildPhases = (
				A650DAE6198BFF4F00223E47 /* Sources */,
				A650DAE7198BFF4F00223E47 /* Frameworks */,
				A650DAE8198BFF4F00223E47 /* Resources */,
			);
			buildRules = (
			);
			dependencies = (
			);
			name = StdTxGuide;
			productName = StdTxGuide;
			productReference = A650DAEA198BFF4F00223E47 /* StdTxGuide.app */;
			productType = "com.apple.product-type.application";
		};
		A650DAFD198BFF4F00223E47 /* StdTxGuideTests */ = {
			isa = PBXNativeTarget;
			buildConfigurationList = A650DB0B198BFF4F00223E47 /* Build configuration list for PBXNativeTarget "StdTxGuideTests" */;
			buildPhases = (
				A650DAFA198BFF4F00223E47 /* Sources */,
				A650DAFB198BFF4F00223E47 /* Frameworks */,
				A650DAFC198BFF4F00223E47 /* Resources */,
			);
			buildRules = (
			);
			dependencies = (
				A650DB00198BFF4F00223E47 /* PBXTargetDependency */,
			);
			name = StdTxGuideTests;
			productName = StdTxGuideTests;
			productReference = A650DAFE198BFF4F00223E47 /* StdTxGuideTests.xctest */;
			productType = "com.apple.product-type.bundle.unit-test";
		};
/* End PBXNativeTarget section */

/* Begin PBXProject section */
		A650DAE2198BFF4F00223E47 /* Project object */ = {
			isa = PBXProject;
			attributes = {
				LastSwiftUpdateCheck = 0710;
				LastUpgradeCheck = 0710;
				ORGANIZATIONNAME = jtq6;
				TargetAttributes = {
					A650DAE9198BFF4F00223E47 = {
						CreatedOnToolsVersion = 6.0;
						DevelopmentTeam = Z827RBGAJC;
						SystemCapabilities = {
							com.apple.Push = {
								enabled = 1;
							};
						};
					};
					A650DAFD198BFF4F00223E47 = {
						CreatedOnToolsVersion = 6.0;
						DevelopmentTeam = Z827RBGAJC;
						TestTargetID = A650DAE9198BFF4F00223E47;
					};
				};
			};
			buildConfigurationList = A650DAE5198BFF4F00223E47 /* Build configuration list for PBXProject "StdTxGuide" */;
			compatibilityVersion = "Xcode 6.3";
			developmentRegion = English;
			hasScannedForEncodings = 0;
			knownRegions = (
				en,
				Base,
			);
			mainGroup = A650DAE1198BFF4F00223E47;
			productRefGroup = A650DAEB198BFF4F00223E47 /* Products */;
			projectDirPath = "";
			projectRoot = "";
			targets = (
				A650DAE9198BFF4F00223E47 /* StdTxGuide */,
				A650DAFD198BFF4F00223E47 /* StdTxGuideTests */,
			);
		};
/* End PBXProject section */

/* Begin PBXResourcesBuildPhase section */
		A650DAE8198BFF4F00223E47 /* Resources */ = {
			isa = PBXResourcesBuildPhase;
			buildActionMask = 2147483647;
			files = (
				A68B584C199BE8DF0030E194 /* custom_arrow.css in Resources */,
				A68B5801199BE8DF0030E194 /* c2-t.html in Resources */,
				A661015C1B1E0B2200437934 /* terms.css in Resources */,
				A68B5818199BE8DF0030E194 /* c33-t.html in Resources */,
				A68B57F3199BE8DF0030E194 /* c12-t.html in Resources */,
				37A8E9511C244A45002940A7 /* share.html in Resources */,
				A6BE156719F19AE2008330A1 /* c44-t.html in Resources */,
				A6BE156419F19AE2008330A1 /* c41-t.html in Resources */,
				A68B582C199BE8DF0030E194 /* c45-t.html in Resources */,
				A68B584A199BE8DF0030E194 /* c9-t.html in Resources */,
				A68B584E199BE8DF0030E194 /* recreated_tables.css in Resources */,
				A68B5828199BE8DF0030E194 /* c42-t.html in Resources */,
				A661015B1B1E0B2200437934 /* c54-t.html in Resources */,
				A6BE156219F19AE2008330A1 /* c40-clv.html in Resources */,
				A68B5815199BE8DF0030E194 /* c31-t.html in Resources */,
				A68B583E199BE8DF0030E194 /* c55-r.html in Resources */,
				A68B5825199BE8DF0030E194 /* c40-t.html in Resources */,
				A6F7C7B2199D28B400A77F2C /* eula.html in Resources */,
				A68B584F199BE8DF0030E194 /* treatments.css in Resources */,
				A68B57F0199BE8DF0030E194 /* c11-r.html in Resources */,
				A68B57FC199BE8DF0030E194 /* c18-r.html in Resources */,
				A6A9D8421AF1159100CD2800 /* test-breadcrumbs.html in Resources */,
				A68B5817199BE8DF0030E194 /* c32-t.html in Resources */,
				A68B5841199BE8DF0030E194 /* c56-t.html in Resources */,
				A6F7C7B0199D28B400A77F2C /* eula_icon_retina.png in Resources */,
				A68B57F2199BE8DF0030E194 /* c12-r.html in Resources */,
				A68B581D199BE8DF0030E194 /* c37-t.html in Resources */,
				A68B5806199BE8DF0030E194 /* c22-r.html in Resources */,
				A68B5845199BE8DF0030E194 /* c6-t.html in Resources */,
				A68B5822199BE8DF0030E194 /* c4-r.html in Resources */,
				A66281A81B0F7E91007BF007 /* Main.storyboard in Resources */,
				A68B581C199BE8DF0030E194 /* c37-r.html in Resources */,
				A68B5835199BE8DF0030E194 /* c50-r.html in Resources */,
				A68B5819199BE8DF0030E194 /* c34-t.html in Resources */,
				A68B580E199BE8DF0030E194 /* c27-t.html in Resources */,
				A6BE155D19F19AE2008330A1 /* c25-t.html in Resources */,
				A68B583B199BE8DF0030E194 /* c53-r.html in Resources */,
				A68B5813199BE8DF0030E194 /* c30-t.html in Resources */,
				A68B5839199BE8DF0030E194 /* c52-r.html in Resources */,
				A68B583C199BE8DF0030E194 /* c53-t.html in Resources */,
				A66101581B1E0B2200437934 /* c49-clv.html in Resources */,
				A68B5838199BE8DF0030E194 /* c51-t.html in Resources */,
				A68B583A199BE8DF0030E194 /* c52-t.html in Resources */,
				A6AA15611AA0E56D00EC5A56 /* full.html in Resources */,
				A68B584D199BE8DF0030E194 /* jquery.mobile.swatch.f.css in Resources */,
				A68B583F199BE8DF0030E194 /* c55-t.html in Resources */,
				A68B57F1199BE8DF0030E194 /* c11-t.html in Resources */,
				A68B57EF199BE8DF0030E194 /* c10-t.html in Resources */,
				A6BE156119F19AE2008330A1 /* c36-r.html in Resources */,
				A68B5826199BE8DF0030E194 /* c41-clv.html in Resources */,
				A68B5827199BE8DF0030E194 /* c42-r.html in Resources */,
				A68B582E199BE8DF0030E194 /* c47-r.html in Resources */,
				A68B5831199BE8DF0030E194 /* c48-t.html in Resources */,
				A68B580F199BE8DF0030E194 /* c28-t.html in Resources */,
				A68B5849199BE8DF0030E194 /* c9-r.html in Resources */,
				A68B5842199BE8DF0030E194 /* c57-r.html in Resources */,
				A68B5843199BE8DF0030E194 /* c57-t.html in Resources */,
				A68B582B199BE8DF0030E194 /* c45-r.html in Resources */,
				A6BE155E19F19AE2008330A1 /* c28-clv.html in Resources */,
				A68B57F6199BE8DF0030E194 /* c14-clv.html in Resources */,
				A6BE156619F19AE2008330A1 /* c44-r.html in Resources */,
				A68B57F9199BE8DF0030E194 /* c16-t.html in Resources */,
				A68B5821199BE8DF0030E194 /* c39-t.html in Resources */,
				A68B5804199BE8DF0030E194 /* c21-r.html in Resources */,
				A6BE155F19F19AE2008330A1 /* c29-r.html in Resources */,
				A68B5846199BE8DF0030E194 /* c7-r.html in Resources */,
				A68B57F5199BE8DF0030E194 /* c13-t.html in Resources */,
				A68B5808199BE8DF0030E194 /* c23-r.html in Resources */,
				A68B5812199BE8DF0030E194 /* c30-r.html in Resources */,
				A6F7C7B6199D28B400A77F2C /* terms.html in Resources */,
				A68B5848199BE8DF0030E194 /* c8-clv.html in Resources */,
				A68B581E199BE8DF0030E194 /* c38-r.html in Resources */,
				A68B5837199BE8DF0030E194 /* c51-r.html in Resources */,
				A68B57FF199BE8DF0030E194 /* c19-t.html in Resources */,
				A68B5834199BE8DF0030E194 /* c5-t.html in Resources */,
				A6BE156A19F19AE2008330A1 /* c50-clv.html in Resources */,
				A650DB11198C15BA00223E47 /* condition-content-map.txt in Resources */,
				A6BE155B19F19AE2008330A1 /* c16-clv.html in Resources */,
				A68B5832199BE8DF0030E194 /* c49-r.html in Resources */,
				A68B57FA199BE8DF0030E194 /* c17-r.html in Resources */,
				A6BE156819F19AE2008330A1 /* c46-r.html in Resources */,
				A68B5805199BE8DF0030E194 /* c21-t.html in Resources */,
				A68B57F7199BE8DF0030E194 /* c15-clv.html in Resources */,
				37233EFC1C0E260C0042B21B /* support.html in Resources */,
				A68B5840199BE8DF0030E194 /* c56-r.html in Resources */,
				A68B57FD199BE8DF0030E194 /* c18-t.html in Resources */,
				A67011CC1B05383D00308A15 /* Images.xcassets in Resources */,
				A68B57F4199BE8DF0030E194 /* c13-r.html in Resources */,
				A68B5807199BE8DF0030E194 /* c22-t.html in Resources */,
				A68B57EB199BE8DF0030E194 /* c0-clv.html in Resources */,
				A68B5833199BE8DF0030E194 /* c49-t.html in Resources */,
				A68B5809199BE8DF0030E194 /* c23-t.html in Resources */,
				A6BE156319F19AE2008330A1 /* c41-r.html in Resources */,
				A68B57EC199BE8DF0030E194 /* c1-r.html in Resources */,
				A68B5820199BE8DF0030E194 /* c39-r.html in Resources */,
				A6F7C7B5199D28B400A77F2C /* about.css in Resources */,
				A6F7C7B4199D28B400A77F2C /* about_us.html in Resources */,
				A68B5829199BE8DF0030E194 /* c43-t.html in Resources */,
				A68B5824199BE8DF0030E194 /* c40-r.html in Resources */,
				A6BE156919F19AE2008330A1 /* c46-t.html in Resources */,
				A68B580A199BE8DF0030E194 /* c24-r.html in Resources */,
				A661015A1B1E0B2200437934 /* c54-r.html in Resources */,
				A68B57F8199BE8DF0030E194 /* c16-r.html in Resources */,
				A68B5816199BE8DF0030E194 /* c32-r.html in Resources */,
				A68B5847199BE8DF0030E194 /* c7-t.html in Resources */,
				A66101591B1E0B2200437934 /* c51-clv.html in Resources */,
				A6BE156019F19AE2008330A1 /* c29-t.html in Resources */,
				A68B582F199BE8DF0030E194 /* c47-t.html in Resources */,
				A60D6C781A9F6205007C818D /* sexualhistory.pdf in Resources */,
				A641345D19CA11FB0041C0E8 /* bootstrap.min.css in Resources */,
				A68B5811199BE8DF0030E194 /* c3-clv.html in Resources */,
				A6BE155C19F19AE2008330A1 /* c24-clv.html in Resources */,
				A68B5823199BE8DF0030E194 /* c4-t.html in Resources */,
				A68B57FB199BE8DF0030E194 /* c17-t.html in Resources */,
				A68B580C199BE8DF0030E194 /* c25-clv.html in Resources */,
				A68B5810199BE8DF0030E194 /* c29-clv.html in Resources */,
				A68B582D199BE8DF0030E194 /* c46-clv.html in Resources */,
				A68B582A199BE8DF0030E194 /* c44-clv.html in Resources */,
				A68B57ED199BE8DF0030E194 /* c1-t.html in Resources */,
				A68B57FE199BE8DF0030E194 /* c19-r.html in Resources */,
				A68B580B199BE8DF0030E194 /* c24-t.html in Resources */,
				A6BE154A19F19A9B008330A1 /* c14-t.html in Resources */,
				A6BE156519F19AE2008330A1 /* c43-clv.html in Resources */,
				A6F7C7B1199D28B400A77F2C /* eula.css in Resources */,
				A68B5836199BE8DF0030E194 /* c50-t.html in Resources */,
				A68B57EE199BE8DF0030E194 /* c10-r.html in Resources */,
				A68B581A199BE8DF0030E194 /* c35-t.html in Resources */,
				A6BE154919F19A9B008330A1 /* c14-r.html in Resources */,
				A68B581B199BE8DF0030E194 /* c36-t.html in Resources */,
				A68B5814199BE8DF0030E194 /* c31-r.html in Resources */,
				A68B5800199BE8DF0030E194 /* c2-r.html in Resources */,
				A68B581F199BE8DF0030E194 /* c38-t.html in Resources */,
				A6F7C7B3199D28B400A77F2C /* about_icon_page.png in Resources */,
				A68B583D199BE8DF0030E194 /* c54-clv.html in Resources */,
				A68B5802199BE8DF0030E194 /* c20-r.html in Resources */,
				A68B5803199BE8DF0030E194 /* c20-t.html in Resources */,
				A68B5830199BE8DF0030E194 /* c48-r.html in Resources */,
				A68B580D199BE8DF0030E194 /* c26-t.html in Resources */,
				A68B5844199BE8DF0030E194 /* c6-r.html in Resources */,
			);
			runOnlyForDeploymentPostprocessing = 0;
		};
		A650DAFC198BFF4F00223E47 /* Resources */ = {
			isa = PBXResourcesBuildPhase;
			buildActionMask = 2147483647;
			files = (
			);
			runOnlyForDeploymentPostprocessing = 0;
		};
/* End PBXResourcesBuildPhase section */

/* Begin PBXSourcesBuildPhase section */
		A650DAE6198BFF4F00223E47 /* Sources */ = {
			isa = PBXSourcesBuildPhase;
			buildActionMask = 2147483647;
			files = (
				A650DAF4198BFF4F00223E47 /* ConditionDetailViewController.swift in Sources */,
				A6DC6EE41B21EDBD00A057A5 /* AppearanceHelper.swift in Sources */,
				37A8E94F1C244980002940A7 /* ShareViewController.swift in Sources */,
				A6DF28B81B1F9C3F00F3BF9D /* Logging.swift in Sources */,
				A6F7C7BC199D35AE00A77F2C /* EulaViewController.swift in Sources */,
				A6E3F4C11B0D013900982CAF /* ConditionsRootViewController.swift in Sources */,
				A66335C21B178CE1001B4D9C /* Remote.swift in Sources */,
				A69DAEB61B0B61C30058F90E /* SubConditionViewController.swift in Sources */,
				A650DAF2198BFF4F00223E47 /* ConditionViewController.swift in Sources */,
				A622D5751B27321700414533 /* ModalEulaViewController.swift in Sources */,
				A60DE3FD19C9DFA4007BBAA7 /* SexualHistoryViewController.swift in Sources */,
				A66335901B1511D0001B4D9C /* SiteCatalystService.swift in Sources */,
				A650DAF0198BFF4F00223E47 /* AppDelegate.swift in Sources */,
				A6AA155F1AA0E4E100EC5A56 /* FullGuidelinesViewController.swift in Sources */,
				3707CE5B1C0F3FC000C85B1F /* DeviceInfo.m in Sources */,
				A650DB0F198C0B6600223E47 /* ConditionContent.swift in Sources */,
				37233EFA1C0E209A0042B21B /* SupportViewController.swift in Sources */,
				A6F7C7BA199D33D500A77F2C /* AboutUsViewController.swift in Sources */,
				A6F7C7A8199CF7F200A77F2C /* TermsViewController.swift in Sources */,
				A62FC6811993FC3B000CE5C5 /* Condition.swift in Sources */,
			);
			runOnlyForDeploymentPostprocessing = 0;
		};
		A650DAFA198BFF4F00223E47 /* Sources */ = {
			isa = PBXSourcesBuildPhase;
			buildActionMask = 2147483647;
			files = (
				A650DB05198BFF4F00223E47 /* StdTxGuideTests.swift in Sources */,
			);
			runOnlyForDeploymentPostprocessing = 0;
		};
/* End PBXSourcesBuildPhase section */

/* Begin PBXTargetDependency section */
		A650DB00198BFF4F00223E47 /* PBXTargetDependency */ = {
			isa = PBXTargetDependency;
			target = A650DAE9198BFF4F00223E47 /* StdTxGuide */;
			targetProxy = A650DAFF198BFF4F00223E47 /* PBXContainerItemProxy */;
		};
/* End PBXTargetDependency section */

/* Begin PBXVariantGroup section */
		A650DAF5198BFF4F00223E47 /* Main.storyboard */ = {
			isa = PBXVariantGroup;
			children = (
				A650DAF6198BFF4F00223E47 /* Base */,
			);
			name = Main.storyboard;
			sourceTree = "<group>";
		};
/* End PBXVariantGroup section */

/* Begin XCBuildConfiguration section */
		A650DB06198BFF4F00223E47 /* Debug */ = {
			isa = XCBuildConfiguration;
			buildSettings = {
				ALWAYS_SEARCH_USER_PATHS = NO;
				CLANG_CXX_LANGUAGE_STANDARD = "gnu++0x";
				CLANG_CXX_LIBRARY = "libc++";
				CLANG_ENABLE_MODULES = NO;
				CLANG_ENABLE_OBJC_ARC = YES;
				CLANG_WARN_BOOL_CONVERSION = YES;
				CLANG_WARN_CONSTANT_CONVERSION = YES;
				CLANG_WARN_DIRECT_OBJC_ISA_USAGE = YES_ERROR;
				CLANG_WARN_EMPTY_BODY = YES;
				CLANG_WARN_ENUM_CONVERSION = YES;
				CLANG_WARN_INT_CONVERSION = YES;
				CLANG_WARN_OBJC_ROOT_CLASS = YES_ERROR;
				CLANG_WARN_UNREACHABLE_CODE = YES;
				CLANG_WARN__DUPLICATE_METHOD_MATCH = YES;
				CODE_SIGN_IDENTITY = "iPhone Developer";
				COPY_PHASE_STRIP = NO;
				EMBEDDED_CONTENT_CONTAINS_SWIFT = NO;
				ENABLE_STRICT_OBJC_MSGSEND = YES;
				ENABLE_TESTABILITY = YES;
				GCC_C_LANGUAGE_STANDARD = gnu99;
				GCC_DYNAMIC_NO_PIC = NO;
				GCC_OPTIMIZATION_LEVEL = 0;
				GCC_PREPROCESSOR_DEFINITIONS = (
					"DEBUG=1",
					"$(inherited)",
				);
				GCC_SYMBOLS_PRIVATE_EXTERN = NO;
				GCC_WARN_64_TO_32_BIT_CONVERSION = YES;
				GCC_WARN_ABOUT_RETURN_TYPE = YES_ERROR;
				GCC_WARN_UNDECLARED_SELECTOR = YES;
				GCC_WARN_UNINITIALIZED_AUTOS = YES_AGGRESSIVE;
				GCC_WARN_UNUSED_FUNCTION = YES;
				GCC_WARN_UNUSED_VARIABLE = YES;
				IPHONEOS_DEPLOYMENT_TARGET = 7.1;
				MTL_ENABLE_DEBUG_INFO = YES;
				ONLY_ACTIVE_ARCH = YES;
				PROVISIONING_PROFILE = "";
				SDKROOT = iphoneos;
				SWIFT_OPTIMIZATION_LEVEL = "-Onone";
				VALIDATE_PRODUCT = NO;
			};
			name = Debug;
		};
		A650DB07198BFF4F00223E47 /* Release */ = {
			isa = XCBuildConfiguration;
			buildSettings = {
				ALWAYS_SEARCH_USER_PATHS = NO;
				CLANG_CXX_LANGUAGE_STANDARD = "gnu++0x";
				CLANG_CXX_LIBRARY = "libc++";
				CLANG_ENABLE_MODULES = NO;
				CLANG_ENABLE_OBJC_ARC = YES;
				CLANG_WARN_BOOL_CONVERSION = YES;
				CLANG_WARN_CONSTANT_CONVERSION = YES;
				CLANG_WARN_DIRECT_OBJC_ISA_USAGE = YES_ERROR;
				CLANG_WARN_EMPTY_BODY = YES;
				CLANG_WARN_ENUM_CONVERSION = YES;
				CLANG_WARN_INT_CONVERSION = YES;
				CLANG_WARN_OBJC_ROOT_CLASS = YES_ERROR;
				CLANG_WARN_UNREACHABLE_CODE = YES;
				CLANG_WARN__DUPLICATE_METHOD_MATCH = YES;
				CODE_SIGN_IDENTITY = "iPhone Distribution";
				COPY_PHASE_STRIP = YES;
				EMBEDDED_CONTENT_CONTAINS_SWIFT = NO;
				ENABLE_NS_ASSERTIONS = NO;
				ENABLE_STRICT_OBJC_MSGSEND = YES;
				GCC_C_LANGUAGE_STANDARD = gnu99;
				GCC_WARN_64_TO_32_BIT_CONVERSION = YES;
				GCC_WARN_ABOUT_RETURN_TYPE = YES_ERROR;
				GCC_WARN_UNDECLARED_SELECTOR = YES;
				GCC_WARN_UNINITIALIZED_AUTOS = YES_AGGRESSIVE;
				GCC_WARN_UNUSED_FUNCTION = YES;
				GCC_WARN_UNUSED_VARIABLE = YES;
				IPHONEOS_DEPLOYMENT_TARGET = 7.1;
				MTL_ENABLE_DEBUG_INFO = NO;
				ONLY_ACTIVE_ARCH = NO;
				PROVISIONING_PROFILE = "";
				SDKROOT = iphoneos;
				VALIDATE_PRODUCT = YES;
			};
			name = Release;
		};
		A650DB09198BFF4F00223E47 /* Debug */ = {
			isa = XCBuildConfiguration;
			buildSettings = {
				ASSETCATALOG_COMPILER_APPICON_NAME = AppIcon;
				ASSETCATALOG_COMPILER_LAUNCHIMAGE_NAME = LaunchImage;
				CLANG_ENABLE_MODULES = NO;
				CLANG_ENABLE_MODULE_DEBUGGING = NO;
				CODE_SIGN_IDENTITY = "iPhone Developer";
				EMBEDDED_CONTENT_CONTAINS_SWIFT = NO;
				FRAMEWORK_SEARCH_PATHS = (
					"$(inherited)",
					"$(PROJECT_DIR)/StdTxGuide/Frameworks",
				);
				INFOPLIST_FILE = StdTxGuide/Info.plist;
				IPHONEOS_DEPLOYMENT_TARGET = 7.0;
				LD_RUNPATH_SEARCH_PATHS = "$(inherited) @executable_path/Frameworks";
				PRODUCT_BUNDLE_IDENTIFIER = org.cdc.iiu.stdtxguide;
				PRODUCT_NAME = "$(TARGET_NAME)";
				PROVISIONING_PROFILE = "";
				SWIFT_OBJC_BRIDGING_HEADER = "StdTxGuide/StdTxGuide-Bridging-Header.h";
				SWIFT_OPTIMIZATION_LEVEL = "-Onone";
			};
			name = Debug;
		};
		A650DB0A198BFF4F00223E47 /* Release */ = {
			isa = XCBuildConfiguration;
			buildSettings = {
				ASSETCATALOG_COMPILER_APPICON_NAME = AppIcon;
				ASSETCATALOG_COMPILER_LAUNCHIMAGE_NAME = LaunchImage;
				CLANG_ENABLE_MODULES = NO;
				CLANG_ENABLE_MODULE_DEBUGGING = NO;
				CODE_SIGN_IDENTITY = "iPhone Distribution: Centers for Disease Control";
				EMBEDDED_CONTENT_CONTAINS_SWIFT = NO;
				FRAMEWORK_SEARCH_PATHS = (
					"$(inherited)",
					"$(PROJECT_DIR)/StdTxGuide/Frameworks",
				);
				INFOPLIST_FILE = StdTxGuide/Info.plist;
				IPHONEOS_DEPLOYMENT_TARGET = 7.0;
				LD_RUNPATH_SEARCH_PATHS = "$(inherited) @executable_path/Frameworks";
				PRODUCT_BUNDLE_IDENTIFIER = org.cdc.iiu.stdtxguide;
				PRODUCT_NAME = "$(TARGET_NAME)";
				PROVISIONING_PROFILE = "";
				SWIFT_OBJC_BRIDGING_HEADER = "StdTxGuide/StdTxGuide-Bridging-Header.h";
			};
			name = Release;
		};
		A650DB0C198BFF4F00223E47 /* Debug */ = {
			isa = XCBuildConfiguration;
			buildSettings = {
				BUNDLE_LOADER = "$(BUILT_PRODUCTS_DIR)/StdTxGuide.app/StdTxGuide";
				CODE_SIGN_IDENTITY = "iPhone Developer";
				"CODE_SIGN_IDENTITY[sdk=iphoneos*]" = "iPhone Developer";
				FRAMEWORK_SEARCH_PATHS = "$(inherited)";
				GCC_PREPROCESSOR_DEFINITIONS = (
					"DEBUG=1",
					"$(inherited)",
				);
				INFOPLIST_FILE = StdTxGuideTests/Info.plist;
				LD_RUNPATH_SEARCH_PATHS = "$(inherited) @executable_path/Frameworks @loader_path/Frameworks";
				PRODUCT_BUNDLE_IDENTIFIER = "gov.cdc.${PRODUCT_NAME:rfc1034identifier}";
				PRODUCT_NAME = "$(TARGET_NAME)";
				PROVISIONING_PROFILE = "";
				TEST_HOST = "$(BUNDLE_LOADER)";
			};
			name = Debug;
		};
		A650DB0D198BFF4F00223E47 /* Release */ = {
			isa = XCBuildConfiguration;
			buildSettings = {
				BUNDLE_LOADER = "$(BUILT_PRODUCTS_DIR)/StdTxGuide.app/StdTxGuide";
				CODE_SIGN_IDENTITY = "iPhone Developer";
				"CODE_SIGN_IDENTITY[sdk=iphoneos*]" = "iPhone Developer";
				FRAMEWORK_SEARCH_PATHS = "$(inherited)";
				INFOPLIST_FILE = StdTxGuideTests/Info.plist;
				LD_RUNPATH_SEARCH_PATHS = "$(inherited) @executable_path/Frameworks @loader_path/Frameworks";
				PRODUCT_BUNDLE_IDENTIFIER = "gov.cdc.${PRODUCT_NAME:rfc1034identifier}";
				PRODUCT_NAME = "$(TARGET_NAME)";
				PROVISIONING_PROFILE = "";
				TEST_HOST = "$(BUNDLE_LOADER)";
			};
			name = Release;
		};
/* End XCBuildConfiguration section */

/* Begin XCConfigurationList section */
		A650DAE5198BFF4F00223E47 /* Build configuration list for PBXProject "StdTxGuide" */ = {
			isa = XCConfigurationList;
			buildConfigurations = (
				A650DB06198BFF4F00223E47 /* Debug */,
				A650DB07198BFF4F00223E47 /* Release */,
			);
			defaultConfigurationIsVisible = 0;
			defaultConfigurationName = Release;
		};
		A650DB08198BFF4F00223E47 /* Build configuration list for PBXNativeTarget "StdTxGuide" */ = {
			isa = XCConfigurationList;
			buildConfigurations = (
				A650DB09198BFF4F00223E47 /* Debug */,
				A650DB0A198BFF4F00223E47 /* Release */,
			);
			defaultConfigurationIsVisible = 0;
			defaultConfigurationName = Release;
		};
		A650DB0B198BFF4F00223E47 /* Build configuration list for PBXNativeTarget "StdTxGuideTests" */ = {
			isa = XCConfigurationList;
			buildConfigurations = (
				A650DB0C198BFF4F00223E47 /* Debug */,
				A650DB0D198BFF4F00223E47 /* Release */,
			);
			defaultConfigurationIsVisible = 0;
			defaultConfigurationName = Release;
		};
/* End XCConfigurationList section */
	};
	rootObject = A650DAE2198BFF4F00223E47 /* Project object */;
}
